// !$*UTF8*$!
{
	archiveVersion = 1;
	classes = {
	};
	objectVersion = 77;
	objects = {

/* Begin PBXBuildFile section */
		00AB02C5DDD417AF1CED4DD9 /* ProtectionDashboardView.swift in Sources */ = {isa = PBXBuildFile; fileRef = D747E37C520E51FA10D0A08F /* ProtectionDashboardView.swift */; };
		024AB33FD8CD602332568895 /* SpaceLensView.swift in Sources */ = {isa = PBXBuildFile; fileRef = 897C2A71D7CABB3FA25241A2 /* SpaceLensView.swift */; };
		04327D324A0E8B4DA1AA55AA /* SpaceLensReviewSheet.swift in Sources */ = {isa = PBXBuildFile; fileRef = 42005C1A322A1B5ED65AE376 /* SpaceLensReviewSheet.swift */; };
		070022969C225740C90D111D /* AppIcon.icon in Resources */ = {isa = PBXBuildFile; fileRef = CE304A4C8973520C602AE369 /* AppIcon.icon */; };
		0839BF8CC096B1771BFF313C /* ScanningPreferencesUITests.swift in Sources */ = {isa = PBXBuildFile; fileRef = 193D790F046085F3D309FF8C /* ScanningPreferencesUITests.swift */; };
		0849175D7723A3D6B17FACF1 /* ApplicationsUITests.swift in Sources */ = {isa = PBXBuildFile; fileRef = C5FD7F60311101E723D73E11 /* ApplicationsUITests.swift */; };
		0928209CC214A2C6FB1C6623 /* SmartScanLeftoversReview.swift in Sources */ = {isa = PBXBuildFile; fileRef = 8EDBE956EC8D84E5724D183A /* SmartScanLeftoversReview.swift */; };
		0DF8F5CFD3DE49CD95EA6541 /* ApplicationsUnsupportedPane.swift in Sources */ = {isa = PBXBuildFile; fileRef = 9B03224EFEF9C9AF2E40F65E /* ApplicationsUnsupportedPane.swift */; };
		0E5975C5BC814BB842C75F4F /* SettingsExclusionsTab.swift in Sources */ = {isa = PBXBuildFile; fileRef = 69A3ECCEB4EFBD28D86F8698 /* SettingsExclusionsTab.swift */; };
		0E8642014D5CCD4A995238C9 /* ManagerChrome.swift in Sources */ = {isa = PBXBuildFile; fileRef = 3AEC791E5358B5C8B2C594E2 /* ManagerChrome.swift */; };
		1017364677836D697B5087F9 /* SpaceLensProtectionMessageTests.swift in Sources */ = {isa = PBXBuildFile; fileRef = 86CB0FF38AA0C4E58C4ADFF8 /* SpaceLensProtectionMessageTests.swift */; };
		11C7DA0D7ECDCBF7DFB3C829 /* Localizable.stringsdict in Resources */ = {isa = PBXBuildFile; fileRef = 329FBD86F55918272AF0EF2A /* Localizable.stringsdict */; };
		1275DA924536C11023DB360E /* SectionPresentationTests.swift in Sources */ = {isa = PBXBuildFile; fileRef = 732FA87F80DF686871220B50 /* SectionPresentationTests.swift */; };
		161EB790ECA69115DBAC1B6F /* malwareRemoval.usdz in Resources */ = {isa = PBXBuildFile; fileRef = D1D5689879C5C19243A7AF1E /* malwareRemoval.usdz */; };
		162D663EBCC70A0702F4304A /* PerformanceDashboardSubviews.swift in Sources */ = {isa = PBXBuildFile; fileRef = EE225F3A130C0DDEE2E31DBF /* PerformanceDashboardSubviews.swift */; };
		166C31BB1CB79D04291633F1 /* TestHelpers.swift in Sources */ = {isa = PBXBuildFile; fileRef = 76AAFE68E825ABF25884D805 /* TestHelpers.swift */; };
		17EC5A02C885E96D7115CFC3 /* SmartScanReviewManager.swift in Sources */ = {isa = PBXBuildFile; fileRef = 963F8A6735414A3746D68C0F /* SmartScanReviewManager.swift */; };
		198FBECB2DD8BD195FB9B12A /* SmartScanLargeOldReview.swift in Sources */ = {isa = PBXBuildFile; fileRef = 779157980EEE85DD7D18B6C4 /* SmartScanLargeOldReview.swift */; };
		1C8625B436085E36B99B5342 /* FinalPolishUITests.swift in Sources */ = {isa = PBXBuildFile; fileRef = E01C8CB7BE63B3851A6E8503 /* FinalPolishUITests.swift */; };
		1EFC3005FB3738519FCB871C /* TriggerAnchorTests.swift in Sources */ = {isa = PBXBuildFile; fileRef = 6232E30181C53E844AC03226 /* TriggerAnchorTests.swift */; };
		22ABAB2520C6640036561DEC /* SmartScanSettingsStoreTests.swift in Sources */ = {isa = PBXBuildFile; fileRef = CDCDF1D60580818B27EFBB56 /* SmartScanSettingsStoreTests.swift */; };
		2496AA7652731EB00265601A /* SmartScanReviewManagerSelectionTests.swift in Sources */ = {isa = PBXBuildFile; fileRef = 662EC8345F95EEAFC030B422 /* SmartScanReviewManagerSelectionTests.swift */; };
		250889E632F3F3F6E0C37E2B /* LargeOldFilesSummaryTests.swift in Sources */ = {isa = PBXBuildFile; fileRef = 691F38EF10E826B31149A787 /* LargeOldFilesSummaryTests.swift */; };
		26B55DC23102EFE8F1D086FD /* DocumentVersionsStoreScan.swift in Sources */ = {isa = PBXBuildFile; fileRef = BAF52BDEDEF520A2FFDC06C1 /* DocumentVersionsStoreScan.swift */; };
		26F0CFE53A3BAD72AFF2BB30 /* SpaceLensUITests.swift in Sources */ = {isa = PBXBuildFile; fileRef = 0FB23D6F3B48857BDEB6DF3A /* SpaceLensUITests.swift */; };
		27009AF3896291F9B80D01CA /* privacy.usdz in Resources */ = {isa = PBXBuildFile; fileRef = 3BEAD4C3A7D9B274C73AE97A /* privacy.usdz */; };
		271BD5884779B4C5AC49DA0F /* RunConfirmationSheet.swift in Sources */ = {isa = PBXBuildFile; fileRef = B23D4F6F7B554D138A7147FE /* RunConfirmationSheet.swift */; };
		28B2F4C32E608BD283DB2DE5 /* VaderCleanerUITests.swift in Sources */ = {isa = PBXBuildFile; fileRef = 6BD871C2C2002760DD923686 /* VaderCleanerUITests.swift */; };
		2A194198E5DDD324E97D99B2 /* FloatingScanOverlay.swift in Sources */ = {isa = PBXBuildFile; fileRef = 88A38D3CACCA30ED5C202225 /* FloatingScanOverlay.swift */; };
		2A46AEBD95B9E1561264D0F0 /* NotificationManagerTests.swift in Sources */ = {isa = PBXBuildFile; fileRef = C2F2C63241236DBFD9176410 /* NotificationManagerTests.swift */; };
		2D5B0C45DB5F5EA679AF4131 /* SmartScanUITests.swift in Sources */ = {isa = PBXBuildFile; fileRef = 8B18E28D449EF4D5FB1D6E0B /* SmartScanUITests.swift */; };
		2DF208D271EE337E2E36CC06 /* largeOldFiles.usdz in Resources */ = {isa = PBXBuildFile; fileRef = 1683C13B4837D58AD519341C /* largeOldFiles.usdz */; };
		2F51A4899ADB02926013032A /* PerformanceViewSubviews.swift in Sources */ = {isa = PBXBuildFile; fileRef = ED6A45D880D8C5A7D7E9D9B8 /* PerformanceViewSubviews.swift */; };
		2FDD22EAC3092664A7E78857 /* ApplicationsManagerView.swift in Sources */ = {isa = PBXBuildFile; fileRef = 55F34852E7D3F67A164EF3DE /* ApplicationsManagerView.swift */; };
		320BDF4C18108301633BEF67 /* BloomField.swift in Sources */ = {isa = PBXBuildFile; fileRef = 7839479824D4A88B31585252 /* BloomField.swift */; };
		332A8933EDF5318FCE6CC7D2 /* WelcomeView.swift in Sources */ = {isa = PBXBuildFile; fileRef = EA6EF3AECF2EA4ABEC78D816 /* WelcomeView.swift */; };
		3551B102B5ADE80553AA1A4F /* SmartScanMalwareReview.swift in Sources */ = {isa = PBXBuildFile; fileRef = ABD71B02544D13F9E3A36014 /* SmartScanMalwareReview.swift */; };
		37E2425A63454881A4FA4481 /* main.swift in Sources */ = {isa = PBXBuildFile; fileRef = 13A5713F5928025F9FE34A43 /* main.swift */; };
		390C48318F77FFB4378A7CBF /* MalwareViewSubviews.swift in Sources */ = {isa = PBXBuildFile; fileRef = DB9A2FDFC86DCAD4AF412E6E /* MalwareViewSubviews.swift */; };
		3953FD2FDE6C5D300EE97BED /* SystemJunkDashboardSubviews.swift in Sources */ = {isa = PBXBuildFile; fileRef = 2605C9D00F82838A6A9D11A3 /* SystemJunkDashboardSubviews.swift */; };
		3A8A0ADAF5D89FD0223A9972 /* ContentView.swift in Sources */ = {isa = PBXBuildFile; fileRef = C5BE6E53E0A4ABB39A7B8B0C /* ContentView.swift */; };
		3B94A4AD2F7AE77AA6E2DB44 /* .swiftlint.yml in Resources */ = {isa = PBXBuildFile; fileRef = EE9D23E00FAE416998319058 /* .swiftlint.yml */; };
		3D65654B589EFF2972927ED7 /* ScanAccessPopoverTests.swift in Sources */ = {isa = PBXBuildFile; fileRef = F8529ADBAF106E09B22B5866 /* ScanAccessPopoverTests.swift */; };
		40BB821EAD9CD6628F9B0069 /* SpaceLensHoverCardTests.swift in Sources */ = {isa = PBXBuildFile; fileRef = 2B22856A47E87BF9A84172B2 /* SpaceLensHoverCardTests.swift */; };
		42A3B1422BEFF1E49B5EBDCE /* RailCollapseTests.swift in Sources */ = {isa = PBXBuildFile; fileRef = F0229FBE733B06D6302D5497 /* RailCollapseTests.swift */; };
		4453CD1C9BEA6DFD3C62E054 /* FloatingRunOverlay.swift in Sources */ = {isa = PBXBuildFile; fileRef = D01BBF737C8160E8BA9C847B /* FloatingRunOverlay.swift */; };
		4536F93FC837F56C61CDD236 /* spaceLens.usdz in Resources */ = {isa = PBXBuildFile; fileRef = 785EECE3C6B84ECB7D0A3384 /* spaceLens.usdz */; };
		458A07AC0C5F8EBE546BE59D /* VaderCleanerCore in Frameworks */ = {isa = PBXBuildFile; productRef = F3E6A6BBFAEB6941454F6104 /* VaderCleanerCore */; };
		45FB850A603BCEE6C2B1CFF6 /* ScanAccessPopover.swift in Sources */ = {isa = PBXBuildFile; fileRef = 2BB5681FA35AB3189E0143A5 /* ScanAccessPopover.swift */; };
		472FECDAABC513309987AA5E /* SmartScanJunkReview.swift in Sources */ = {isa = PBXBuildFile; fileRef = E67824DA18085247812F6E08 /* SmartScanJunkReview.swift */; };
		483CE4B8CB180C13FC0934A6 /* LargeOldFilesViewSubviews.swift in Sources */ = {isa = PBXBuildFile; fileRef = 1118EEB70EAD2A87D42A6605 /* LargeOldFilesViewSubviews.swift */; };
		4A76928E3CC7A259402C5620 /* SettingsProtectionTab.swift in Sources */ = {isa = PBXBuildFile; fileRef = F9A6840EC60D2A5BAE672A01 /* SettingsProtectionTab.swift */; };
		4B5C68C04762DC951A0F4010 /* ApplicationsLeftoversPane.swift in Sources */ = {isa = PBXBuildFile; fileRef = 6FF680659A618007907BAE1F /* ApplicationsLeftoversPane.swift */; };
		4E43B8F6DFA386900DC8CA24 /* com.personal.VaderCleaner.helper.plist in CopyFiles */ = {isa = PBXBuildFile; fileRef = 36FD121EC3D77731E8032A96 /* com.personal.VaderCleaner.helper.plist */; };
		516A5B2D445E5E62807A8E2A /* ProtectionDashboardSubviews.swift in Sources */ = {isa = PBXBuildFile; fileRef = 4F4C43FBCF5B117B218E3A5F /* ProtectionDashboardSubviews.swift */; };
		531F2D5021B6E412A27E9C73 /* SpaceLensListPanel.swift in Sources */ = {isa = PBXBuildFile; fileRef = 56B05E87FC3B6F889CABCCA6 /* SpaceLensListPanel.swift */; };
		5325F2401AF35C69086E2056 /* NavigationRailView.swift in Sources */ = {isa = PBXBuildFile; fileRef = D7D76FC5B20F88179DF40523 /* NavigationRailView.swift */; };
		5505910EB98B1A0B51410171 /* MyClutterView.swift in Sources */ = {isa = PBXBuildFile; fileRef = 8B4703AF41629FA4FA05F270 /* MyClutterView.swift */; };
		562E452A310BD35A108CEE0B /* SettingsMenuBarTab.swift in Sources */ = {isa = PBXBuildFile; fileRef = 9EF205FB127262AB54CB742E /* SettingsMenuBarTab.swift */; };
		58400B564E815777CAE52CB4 /* SettingsNotificationsTab.swift in Sources */ = {isa = PBXBuildFile; fileRef = D77F5ECDB9EC7676D631FC29 /* SettingsNotificationsTab.swift */; };
		598EAA9908722A29791B1E3E /* SmartScanUnsupportedAppsReview.swift in Sources */ = {isa = PBXBuildFile; fileRef = 24196A23E9B3D20BE9A50B84 /* SmartScanUnsupportedAppsReview.swift */; };
		5D0DFB581DD0D0C3563E425C /* SmartScanBackgroundItemsReview.swift in Sources */ = {isa = PBXBuildFile; fileRef = 13B8B456AAE9823D3086D65F /* SmartScanBackgroundItemsReview.swift */; };
		5FCAAC81ED67F40178636235 /* HelperProtocol.swift in Sources */ = {isa = PBXBuildFile; fileRef = A3852658DC221FB8B03631D1 /* HelperProtocol.swift */; };
		5FE19122629FE05486A04159 /* smartScan.usdz in Resources */ = {isa = PBXBuildFile; fileRef = BBE51C5A592BB78EAB7E3A5D /* smartScan.usdz */; };
		60575BCA4F77B77577F8B504 /* ReassuranceCard.swift in Sources */ = {isa = PBXBuildFile; fileRef = C91F61D9C54461DBA18D930E /* ReassuranceCard.swift */; };
		61C66E58D4DCA2759E35FAC3 /* SmartScanStatusStates.swift in Sources */ = {isa = PBXBuildFile; fileRef = A990C87AEDE5DAF5D2FCDAC7 /* SmartScanStatusStates.swift */; };
		62008FB47BE4AAA0214310C4 /* MyClutterFolderPicker.swift in Sources */ = {isa = PBXBuildFile; fileRef = EA622E5E85D2E2FD626F480C /* MyClutterFolderPicker.swift */; };
		62A51901AE4CA4CE8FB58349 /* Localizable.strings in Resources */ = {isa = PBXBuildFile; fileRef = 46466A1909A880757A7C4B31 /* Localizable.strings */; };
		67B6E2F0F779AF28BBBA00C1 /* ScanDiscHostView.swift in Sources */ = {isa = PBXBuildFile; fileRef = 3655EDEA0B38D11EFCE61986 /* ScanDiscHostView.swift */; };
		6902C7298B34C1DD1DFABCCF /* CleanupCardTests.swift in Sources */ = {isa = PBXBuildFile; fileRef = 8AE1D0804B8FCB3DD9A50123 /* CleanupCardTests.swift */; };
		6A34CA9DF4F4B0D1326A965C /* performance.usdz in Resources */ = {isa = PBXBuildFile; fileRef = B51321F0F77F5813E6777822 /* performance.usdz */; };
		6D1B9E2FCA2F9BB29572CA3D /* ManagerPresentationHost.swift in Sources */ = {isa = PBXBuildFile; fileRef = 96BA1EBEBF262C65F048F261 /* ManagerPresentationHost.swift */; };
		6DAE56CA8044DF598F65C06E /* SmartScanMaintenanceReview.swift in Sources */ = {isa = PBXBuildFile; fileRef = 6BEA8AC18E21DC97133583B1 /* SmartScanMaintenanceReview.swift */; };
		6DB4DEBBE3DABA52AEBD5E47 /* CarePlanFeedView.swift in Sources */ = {isa = PBXBuildFile; fileRef = 772F77EE11F5BAD8406E38AC /* CarePlanFeedView.swift */; };
		6EF22E5516F91C461FBBB850 /* SmartScanApplicationsReview.swift in Sources */ = {isa = PBXBuildFile; fileRef = 215EFDDDC81E5E7C6DBD72AB /* SmartScanApplicationsReview.swift */; };
		6F6EFC9A679797A1E17BF45D /* SmartScanInstallersReview.swift in Sources */ = {isa = PBXBuildFile; fileRef = 5A2D135FCC9A6F40E07EC313 /* SmartScanInstallersReview.swift */; };
		70010C6EFD37532FC548F632 /* ManagerPresentationHostTests.swift in Sources */ = {isa = PBXBuildFile; fileRef = 699E610EAD81CF2C6A3BC913 /* ManagerPresentationHostTests.swift */; };
		7AA8E6E6FEE2767FD3C9AA20 /* HelperDeletionPolicy.swift in Sources */ = {isa = PBXBuildFile; fileRef = 02734346BE66CC759A92FB83 /* HelperDeletionPolicy.swift */; };
		7E4C55ABDF8615724A16C07D /* ApplicationsUninstallerPane.swift in Sources */ = {isa = PBXBuildFile; fileRef = F56A33B44B99F1099670CC9B /* ApplicationsUninstallerPane.swift */; };
		80111FB2EC8ED204B993FC21 /* ScannableSectionContent.swift in Sources */ = {isa = PBXBuildFile; fileRef = 374A11FF89347AF05A14498B /* ScannableSectionContent.swift */; };
		82DB89EC1E0EAFD90FB6018D /* MalwareUITests.swift in Sources */ = {isa = PBXBuildFile; fileRef = A1B0ABA8AA490286024757B9 /* MalwareUITests.swift */; };
		832F1B34810FF292EAF9A810 /* PermissionOnboardingView.swift in Sources */ = {isa = PBXBuildFile; fileRef = 6FE66C634D06A8A842F49852 /* PermissionOnboardingView.swift */; };
		8B988F3F94B085674B032A7B /* MyClutterTileKindTests.swift in Sources */ = {isa = PBXBuildFile; fileRef = 183D94243CDA9FABBF5A22E5 /* MyClutterTileKindTests.swift */; };
		8E9CD7B8A9AEC89BF97B071A /* HomebrewManagerUITests.swift in Sources */ = {isa = PBXBuildFile; fileRef = 71F21ACCECE77A4ED6F5A0EB /* HomebrewManagerUITests.swift */; };
		8EFA63D6FAE69C6904BCF32D /* applications.usdz in Resources */ = {isa = PBXBuildFile; fileRef = 809A23EF3C57AC0FD862A0C5 /* applications.usdz */; };
		92BA2AB6A76731911DB04EF2 /* HealthMonitorView.swift in Sources */ = {isa = PBXBuildFile; fileRef = AE43D4A4C7D499E8C2889832 /* HealthMonitorView.swift */; };
		9686BE4A7CD0C6399070CC1B /* ApplicationsDashboardSubviews.swift in Sources */ = {isa = PBXBuildFile; fileRef = 6CC2C4931BAD804306463545 /* ApplicationsDashboardSubviews.swift */; };
		96DC5DD3D2F236BFF55509D2 /* SettingsGeneralTab.swift in Sources */ = {isa = PBXBuildFile; fileRef = 5CF0E3B948093AD6ED37A2D1 /* SettingsGeneralTab.swift */; };
		97A28C7C9FE9B3549C73781B /* SmartInsightsPromptTests.swift in Sources */ = {isa = PBXBuildFile; fileRef = E46DDDE3F7D8DD0D954FF1E1 /* SmartInsightsPromptTests.swift */; };
		97F42752FD75E7F3E6CAF219 /* SpaceLensHoverCard.swift in Sources */ = {isa = PBXBuildFile; fileRef = B58947E04248EE1D262DD27F /* SpaceLensHoverCard.swift */; };
		99B965EE0BB2762D13896FF6 /* EmptyStateFullDiskAccessTests.swift in Sources */ = {isa = PBXBuildFile; fileRef = BC2AA1946F04527938EFF60D /* EmptyStateFullDiskAccessTests.swift */; };
		99E2DC0FF5C29F7EFFC4F8D7 /* ColorDeepenedForWhiteTests.swift in Sources */ = {isa = PBXBuildFile; fileRef = 588B33B31E27D3E193DF5889 /* ColorDeepenedForWhiteTests.swift */; };
		9A5A26BE604E43926DF9E992 /* SmartScanExtensionsReview.swift in Sources */ = {isa = PBXBuildFile; fileRef = 613EA848FD2D74A0A719D1C5 /* SmartScanExtensionsReview.swift */; };
		9AD89DF45506BE024B9A6670 /* WelcomeViewSubviews.swift in Sources */ = {isa = PBXBuildFile; fileRef = 418E20C26743E92B1A6873D5 /* WelcomeViewSubviews.swift */; };
		9B2048864AFBE75F4B514CA6 /* WelcomeUITests.swift in Sources */ = {isa = PBXBuildFile; fileRef = BD4A158D21CEFBFF0D3D46DA /* WelcomeUITests.swift */; };
		9D44F12D7502363B814F2DF9 /* SectionIntroView.swift in Sources */ = {isa = PBXBuildFile; fileRef = 9EFF573646C7B3E43AD2A96E /* SectionIntroView.swift */; };
		9E90FCAEFAAFBD628EBF9034 /* ApplicationsUpdaterPane.swift in Sources */ = {isa = PBXBuildFile; fileRef = 1F9F7A22B6F730CE51FAD2D6 /* ApplicationsUpdaterPane.swift */; };
		9F5A82C7A9A96EFE1CF17784 /* SettingsScanningTab.swift in Sources */ = {isa = PBXBuildFile; fileRef = 5A40F9E81EA594D06410AD50 /* SettingsScanningTab.swift */; };
		A2B88722EF3A609E7898FE48 /* VaderTheme.swift in Sources */ = {isa = PBXBuildFile; fileRef = F47916A68DDCAD9D0B7272B9 /* VaderTheme.swift */; };
		A984D7D055DE9296AFE8DF4D /* SectionIntroViewTests.swift in Sources */ = {isa = PBXBuildFile; fileRef = 6A5715B3661CBF62AACA4206 /* SectionIntroViewTests.swift */; };
		AF573F2D6363CF0CDA72E5A4 /* ApplicationsView.swift in Sources */ = {isa = PBXBuildFile; fileRef = 5334403C48811B372CBEB19A /* ApplicationsView.swift */; };
		B0562EB82C5FCF63A1F585E0 /* SmartScanSimilarImagesReview.swift in Sources */ = {isa = PBXBuildFile; fileRef = 8EA94E47C68E68FD21342C5E /* SmartScanSimilarImagesReview.swift */; };
		B099D858DA5FA94630094FFC /* MyClutterThumbnailStripItemTests.swift in Sources */ = {isa = PBXBuildFile; fileRef = 24633693DA0109BA4809355D /* MyClutterThumbnailStripItemTests.swift */; };
		B189206CD9318968B0D685B6 /* WebDevScanFolderPicker.swift in Sources */ = {isa = PBXBuildFile; fileRef = 2659D57635179FE36BEC0366 /* WebDevScanFolderPicker.swift */; };
		B2DD51B5035C90CF963595C5 /* SystemJunkView.swift in Sources */ = {isa = PBXBuildFile; fileRef = A7D017D911C5C3674F2A6ECD /* SystemJunkView.swift */; };
		B3289BEA17E2D156D19E8E71 /* CleanupGroupTests.swift in Sources */ = {isa = PBXBuildFile; fileRef = 17630CA93451A0E1A29ED6A1 /* CleanupGroupTests.swift */; };
		B32F72C5914C024EA4647729 /* .swiftlint.yml in Resources */ = {isa = PBXBuildFile; fileRef = EF2E05CC421ABECA654697A0 /* .swiftlint.yml */; };
		B407103664900660268A501A /* SmartScanDownloadsReview.swift in Sources */ = {isa = PBXBuildFile; fileRef = 074073ACC90698149309B503 /* SmartScanDownloadsReview.swift */; };
		B4AD90301796B37E91C6EC0C /* SmartScanUnusedAppsReview.swift in Sources */ = {isa = PBXBuildFile; fileRef = E5C9B6A44E802C8593083F1E /* SmartScanUnusedAppsReview.swift */; };
		B5D6C5F92021CF4CB7613F12 /* MyClutterDashboardView.swift in Sources */ = {isa = PBXBuildFile; fileRef = 1B0FF6808EEAB9104DCC8D61 /* MyClutterDashboardView.swift */; };
		B6B4FF9883F54E8F60010ACB /* VaderCleanerHelper in Embed Dependencies */ = {isa = PBXBuildFile; fileRef = 6CBCA8999E04715E502AB892 /* VaderCleanerHelper */; settings = {ATTRIBUTES = (RemoveHeadersOnCopy, ); }; };
		B810AA29ADEFD684916D89A8 /* MyClutterManagerView.swift in Sources */ = {isa = PBXBuildFile; fileRef = 03DA725A728374ADDA906C40 /* MyClutterManagerView.swift */; };
		BA3D489D48265F806CC468A2 /* MenuBarContent.swift in Sources */ = {isa = PBXBuildFile; fileRef = D2C2B92863509818189F46CD /* MenuBarContent.swift */; };
		BA47B242AAAE6EAD08CC7D23 /* ScanDiscWindowController.swift in Sources */ = {isa = PBXBuildFile; fileRef = 48F552ABB8AD311ED03743D9 /* ScanDiscWindowController.swift */; };
		BACC269ED04FA26D7003F449 /* MyClutterThumbnailStripItem.swift in Sources */ = {isa = PBXBuildFile; fileRef = 7EB9080DB9E32168E1AA98AB /* MyClutterThumbnailStripItem.swift */; };
		BCC7516614BE2B0A38630F1D /* CareScanChecklistView.swift in Sources */ = {isa = PBXBuildFile; fileRef = 5112175C6391E74786A035B9 /* CareScanChecklistView.swift */; };
		BCFA47EF8B1FBC4B3A67E4B5 /* NavigationSectionTests.swift in Sources */ = {isa = PBXBuildFile; fileRef = 133467A06193C406B027D97C /* NavigationSectionTests.swift */; };
		BD7CE0EE2AA543E528587A90 /* VaderCleanerApp.swift in Sources */ = {isa = PBXBuildFile; fileRef = A25BE525CD287D91EE80A6CF /* VaderCleanerApp.swift */; };
		BDFC9EFCA14473CC1DBC0BF3 /* SmartScanBrowserPrivacyReview.swift in Sources */ = {isa = PBXBuildFile; fileRef = E3868D603ADF6C85DDAB80FC /* SmartScanBrowserPrivacyReview.swift */; };
		BEFCD2F309C985449A2901F5 /* SmartScanMyClutterReview.swift in Sources */ = {isa = PBXBuildFile; fileRef = 5F498579A77E1DAED6AC00AF /* SmartScanMyClutterReview.swift */; };
		C2542EE3974C2F9232EE74D1 /* Assets.xcassets in Resources */ = {isa = PBXBuildFile; fileRef = 5E978BB01AD677AEDE122B1C /* Assets.xcassets */; };
		C25D4D4F9A47A82CFA3B8810 /* WindowAccessor.swift in Sources */ = {isa = PBXBuildFile; fileRef = 416D1869BE7C552C78714296 /* WindowAccessor.swift */; };
		C26C424E66250E67027467C6 /* ApplicationsExtensionsPane.swift in Sources */ = {isa = PBXBuildFile; fileRef = 737A779C427566A90DA01AF0 /* ApplicationsExtensionsPane.swift */; };
		C4412F1E74ADFE53633DA41A /* SpaceLensBubbleView.swift in Sources */ = {isa = PBXBuildFile; fileRef = FCA2D3E58D656FF184F406A0 /* SpaceLensBubbleView.swift */; };
		C464A6325670F4E951556D9F /* TestBox.swift in Sources */ = {isa = PBXBuildFile; fileRef = ED9237DC6C31AF0B00142B6F /* TestBox.swift */; };
		C789001CAAACBF6DE4388751 /* ManagerContentTokenTests.swift in Sources */ = {isa = PBXBuildFile; fileRef = C763E0DB99A67C5F869339C6 /* ManagerContentTokenTests.swift */; };
		C7F0C420D93B12093D439722 /* BloomFieldTests.swift in Sources */ = {isa = PBXBuildFile; fileRef = 4AF7A44789CDF160E65D36A9 /* BloomFieldTests.swift */; };
		C92E74A78ED42228B081950D /* ProtectionManagerView.swift in Sources */ = {isa = PBXBuildFile; fileRef = FAA431DBFA6491AFA47651BD /* ProtectionManagerView.swift */; };
		CBCA57EE89CD4F664B25E63A /* ApplicationsManagerChrome.swift in Sources */ = {isa = PBXBuildFile; fileRef = 1C16DC48327D81B1E58D0CDE /* ApplicationsManagerChrome.swift */; };
		CEBC297EB683F3AAE3EA841E /* PerformanceUITests.swift in Sources */ = {isa = PBXBuildFile; fileRef = 1675ADBCF352BE496572E655 /* PerformanceUITests.swift */; };
		CF68F2891382E3F3D4CA5474 /* PreferencesView.swift in Sources */ = {isa = PBXBuildFile; fileRef = 5FD6A6FB847C87B47474C7A3 /* PreferencesView.swift */; };
		CFF959AB010953129DB8B8D0 /* SmartScanPerformanceReview.swift in Sources */ = {isa = PBXBuildFile; fileRef = 952CFA79F6F0E89198DED8E3 /* SmartScanPerformanceReview.swift */; };
		D0749DA68E050DE56A76AF57 /* HomebrewFacetContent.swift in Sources */ = {isa = PBXBuildFile; fileRef = 1E01799AB6B0981AD6065CC3 /* HomebrewFacetContent.swift */; };
		D478ECC4A65EA341DD21CCB7 /* SpaceLensVolumePicker.swift in Sources */ = {isa = PBXBuildFile; fileRef = B5347E39C28AE8B7F020B233 /* SpaceLensVolumePicker.swift */; };
		D96306C95D6F2DF780F02A5F /* AppUninstallerViewSubviews.swift in Sources */ = {isa = PBXBuildFile; fileRef = C95F9F1598CDBA6E90EC82B4 /* AppUninstallerViewSubviews.swift */; };
		DE57DC92B2179CB856E0D558 /* ScanProgressIndicator.swift in Sources */ = {isa = PBXBuildFile; fileRef = FF3BFBAF09EA79BE34F2ABCF /* ScanProgressIndicator.swift */; };
		E1C1836BF10F1ED0E0B23E95 /* ManagerItemTable.swift in Sources */ = {isa = PBXBuildFile; fileRef = 963EE90AA293C3991962768D /* ManagerItemTable.swift */; };
		E2B25912B9BA5745454E137F /* SystemJunkUITests.swift in Sources */ = {isa = PBXBuildFile; fileRef = 4C0A3D2497CF28388945BB57 /* SystemJunkUITests.swift */; };
		E5548C91729D71FDA8D8ADC8 /* MalwareOnboardingView.swift in Sources */ = {isa = PBXBuildFile; fileRef = 882E6C32BC5FC5028D921546 /* MalwareOnboardingView.swift */; };
		E575F22107FEE2D723F7787D /* SpaceLensBottomBar.swift in Sources */ = {isa = PBXBuildFile; fileRef = 31DFE86EF01367F598551A8B /* SpaceLensBottomBar.swift */; };
		E593DA64025CAC2160110497 /* TriggerAnchor.swift in Sources */ = {isa = PBXBuildFile; fileRef = 9FF2C4CE1BE29B227FEB57CA /* TriggerAnchor.swift */; };
		E77456FD775F682539451AFA /* ScanProgressIndicatorTests.swift in Sources */ = {isa = PBXBuildFile; fileRef = A9F0F84AC9D6DC3F18F29AD5 /* ScanProgressIndicatorTests.swift */; };
		EC99895496A545FE0F9A9222 /* FullDiskAccessPromptCard.swift in Sources */ = {isa = PBXBuildFile; fileRef = 5BAC4E977A664B7A960F1C77 /* FullDiskAccessPromptCard.swift */; };
		ED8B418807B92B25701D1947 /* CoreResourceBundleTests.swift in Sources */ = {isa = PBXBuildFile; fileRef = 8ECD0D8D858A439BAB5E0F11 /* CoreResourceBundleTests.swift */; };
		EE62512542BF54B5D6ADFA9D /* FloatingScanButton.swift in Sources */ = {isa = PBXBuildFile; fileRef = 2B14F49807367DE2ABB76753 /* FloatingScanButton.swift */; };
		F2999D60141F92BE8DA1180B /* systemJunk.usdz in Resources */ = {isa = PBXBuildFile; fileRef = 168266DA7B9E9A25E0B56A8C /* systemJunk.usdz */; };
		F94ECD82ABC16F6465EEDA6C /* PerformanceView.swift in Sources */ = {isa = PBXBuildFile; fileRef = 935433C10308C1F2DDF51097 /* PerformanceView.swift */; };
		FAAA0FC0769A8C5B215033BF /* SmartInsights.swift in Sources */ = {isa = PBXBuildFile; fileRef = 9FB7E341FE54BAE8A2FD5A93 /* SmartInsights.swift */; };
		FE0C4B840D6A01A133C40A62 /* ConcurrencyPeakTracker.swift in Sources */ = {isa = PBXBuildFile; fileRef = B190774692285AA026AB01E6 /* ConcurrencyPeakTracker.swift */; };
		FE156E2CD69BA8F894E9078D /* FloatingScanButtonTests.swift in Sources */ = {isa = PBXBuildFile; fileRef = C2A35775D85A4E890A04EE26 /* FloatingScanButtonTests.swift */; };
		FFA343C50E64EF6C36B01D3C /* SmartScanView.swift in Sources */ = {isa = PBXBuildFile; fileRef = 3D034A83ED3EF29EA3A00669 /* SmartScanView.swift */; };
/* End PBXBuildFile section */

/* Begin PBXContainerItemProxy section */
		0683C464BA2137467C82DDBC /* PBXContainerItemProxy */ = {
			isa = PBXContainerItemProxy;
			containerPortal = FF89C8EE707F5C8806198E6E /* Project object */;
			proxyType = 1;
			remoteGlobalIDString = AECD709401424A144DA3AD4A;
			remoteInfo = VaderCleaner;
		};
		242A80A83F3590265AF0A5EF /* PBXContainerItemProxy */ = {
			isa = PBXContainerItemProxy;
			containerPortal = FF89C8EE707F5C8806198E6E /* Project object */;
			proxyType = 1;
			remoteGlobalIDString = 8309E530B1256636F6042A29;
			remoteInfo = VaderCleanerHelper;
		};
		40614C90BC864D6EFE0CAD70 /* PBXContainerItemProxy */ = {
			isa = PBXContainerItemProxy;
			containerPortal = FF89C8EE707F5C8806198E6E /* Project object */;
			proxyType = 1;
			remoteGlobalIDString = AECD709401424A144DA3AD4A;
			remoteInfo = VaderCleaner;
		};
/* End PBXContainerItemProxy section */

/* Begin PBXCopyFilesBuildPhase section */
		0C5C5E5270D52EFEBF1EE933 /* CopyFiles */ = {
			isa = PBXCopyFilesBuildPhase;
			buildActionMask = 2147483647;
			dstPath = Contents/Library/LaunchDaemons;
			dstSubfolderSpec = 1;
			files = (
				4E43B8F6DFA386900DC8CA24 /* com.personal.VaderCleaner.helper.plist in CopyFiles */,
			);
			runOnlyForDeploymentPostprocessing = 0;
		};
		D37833ADC32F18DB4C339B74 /* Embed Dependencies */ = {
			isa = PBXCopyFilesBuildPhase;
			buildActionMask = 2147483647;
			dstPath = "";
			dstSubfolderSpec = 6;
			files = (
				B6B4FF9883F54E8F60010ACB /* VaderCleanerHelper in Embed Dependencies */,
			);
			name = "Embed Dependencies";
			runOnlyForDeploymentPostprocessing = 0;
		};
/* End PBXCopyFilesBuildPhase section */

/* Begin PBXFileReference section */
		02734346BE66CC759A92FB83 /* HelperDeletionPolicy.swift */ = {isa = PBXFileReference; lastKnownFileType = sourcecode.swift; path = HelperDeletionPolicy.swift; sourceTree = "<group>"; };
		03DA725A728374ADDA906C40 /* MyClutterManagerView.swift */ = {isa = PBXFileReference; lastKnownFileType = sourcecode.swift; path = MyClutterManagerView.swift; sourceTree = "<group>"; };
		074073ACC90698149309B503 /* SmartScanDownloadsReview.swift */ = {isa = PBXFileReference; lastKnownFileType = sourcecode.swift; path = SmartScanDownloadsReview.swift; sourceTree = "<group>"; };
		0FB23D6F3B48857BDEB6DF3A /* SpaceLensUITests.swift */ = {isa = PBXFileReference; lastKnownFileType = sourcecode.swift; path = SpaceLensUITests.swift; sourceTree = "<group>"; };
		1118EEB70EAD2A87D42A6605 /* LargeOldFilesViewSubviews.swift */ = {isa = PBXFileReference; lastKnownFileType = sourcecode.swift; path = LargeOldFilesViewSubviews.swift; sourceTree = "<group>"; };
		133467A06193C406B027D97C /* NavigationSectionTests.swift */ = {isa = PBXFileReference; lastKnownFileType = sourcecode.swift; path = NavigationSectionTests.swift; sourceTree = "<group>"; };
		13A5713F5928025F9FE34A43 /* main.swift */ = {isa = PBXFileReference; lastKnownFileType = sourcecode.swift; path = main.swift; sourceTree = "<group>"; };
		13B8B456AAE9823D3086D65F /* SmartScanBackgroundItemsReview.swift */ = {isa = PBXFileReference; lastKnownFileType = sourcecode.swift; path = SmartScanBackgroundItemsReview.swift; sourceTree = "<group>"; };
		1675ADBCF352BE496572E655 /* PerformanceUITests.swift */ = {isa = PBXFileReference; lastKnownFileType = sourcecode.swift; path = PerformanceUITests.swift; sourceTree = "<group>"; };
		168266DA7B9E9A25E0B56A8C /* systemJunk.usdz */ = {isa = PBXFileReference; lastKnownFileType = file.usdz; path = systemJunk.usdz; sourceTree = "<group>"; };
		1683C13B4837D58AD519341C /* largeOldFiles.usdz */ = {isa = PBXFileReference; lastKnownFileType = file.usdz; path = largeOldFiles.usdz; sourceTree = "<group>"; };
		17630CA93451A0E1A29ED6A1 /* CleanupGroupTests.swift */ = {isa = PBXFileReference; lastKnownFileType = sourcecode.swift; path = CleanupGroupTests.swift; sourceTree = "<group>"; };
		183D94243CDA9FABBF5A22E5 /* MyClutterTileKindTests.swift */ = {isa = PBXFileReference; lastKnownFileType = sourcecode.swift; path = MyClutterTileKindTests.swift; sourceTree = "<group>"; };
		193D790F046085F3D309FF8C /* ScanningPreferencesUITests.swift */ = {isa = PBXFileReference; lastKnownFileType = sourcecode.swift; path = ScanningPreferencesUITests.swift; sourceTree = "<group>"; };
		1A06928276134E79D8ADFBF5 /* en */ = {isa = PBXFileReference; lastKnownFileType = text.plist.strings; name = en; path = en.lproj/Localizable.strings; sourceTree = "<group>"; };
		1B0FF6808EEAB9104DCC8D61 /* MyClutterDashboardView.swift */ = {isa = PBXFileReference; lastKnownFileType = sourcecode.swift; path = MyClutterDashboardView.swift; sourceTree = "<group>"; };
		1C16DC48327D81B1E58D0CDE /* ApplicationsManagerChrome.swift */ = {isa = PBXFileReference; lastKnownFileType = sourcecode.swift; path = ApplicationsManagerChrome.swift; sourceTree = "<group>"; };
		1E01799AB6B0981AD6065CC3 /* HomebrewFacetContent.swift */ = {isa = PBXFileReference; lastKnownFileType = sourcecode.swift; path = HomebrewFacetContent.swift; sourceTree = "<group>"; };
		1F9F7A22B6F730CE51FAD2D6 /* ApplicationsUpdaterPane.swift */ = {isa = PBXFileReference; lastKnownFileType = sourcecode.swift; path = ApplicationsUpdaterPane.swift; sourceTree = "<group>"; };
		215EFDDDC81E5E7C6DBD72AB /* SmartScanApplicationsReview.swift */ = {isa = PBXFileReference; lastKnownFileType = sourcecode.swift; path = SmartScanApplicationsReview.swift; sourceTree = "<group>"; };
		24196A23E9B3D20BE9A50B84 /* SmartScanUnsupportedAppsReview.swift */ = {isa = PBXFileReference; lastKnownFileType = sourcecode.swift; path = SmartScanUnsupportedAppsReview.swift; sourceTree = "<group>"; };
		24633693DA0109BA4809355D /* MyClutterThumbnailStripItemTests.swift */ = {isa = PBXFileReference; lastKnownFileType = sourcecode.swift; path = MyClutterThumbnailStripItemTests.swift; sourceTree = "<group>"; };
		2605C9D00F82838A6A9D11A3 /* SystemJunkDashboardSubviews.swift */ = {isa = PBXFileReference; lastKnownFileType = sourcecode.swift; path = SystemJunkDashboardSubviews.swift; sourceTree = "<group>"; };
		2659D57635179FE36BEC0366 /* WebDevScanFolderPicker.swift */ = {isa = PBXFileReference; lastKnownFileType = sourcecode.swift; path = WebDevScanFolderPicker.swift; sourceTree = "<group>"; };
		2B14F49807367DE2ABB76753 /* FloatingScanButton.swift */ = {isa = PBXFileReference; lastKnownFileType = sourcecode.swift; path = FloatingScanButton.swift; sourceTree = "<group>"; };
		2B22856A47E87BF9A84172B2 /* SpaceLensHoverCardTests.swift */ = {isa = PBXFileReference; lastKnownFileType = sourcecode.swift; path = SpaceLensHoverCardTests.swift; sourceTree = "<group>"; };
		2BB5681FA35AB3189E0143A5 /* ScanAccessPopover.swift */ = {isa = PBXFileReference; lastKnownFileType = sourcecode.swift; path = ScanAccessPopover.swift; sourceTree = "<group>"; };
		31DFE86EF01367F598551A8B /* SpaceLensBottomBar.swift */ = {isa = PBXFileReference; lastKnownFileType = sourcecode.swift; path = SpaceLensBottomBar.swift; sourceTree = "<group>"; };
		3655EDEA0B38D11EFCE61986 /* ScanDiscHostView.swift */ = {isa = PBXFileReference; lastKnownFileType = sourcecode.swift; path = ScanDiscHostView.swift; sourceTree = "<group>"; };
		36FD121EC3D77731E8032A96 /* com.personal.VaderCleaner.helper.plist */ = {isa = PBXFileReference; lastKnownFileType = text.plist; path = com.personal.VaderCleaner.helper.plist; sourceTree = "<group>"; };
		374A11FF89347AF05A14498B /* ScannableSectionContent.swift */ = {isa = PBXFileReference; lastKnownFileType = sourcecode.swift; path = ScannableSectionContent.swift; sourceTree = "<group>"; };
		3AEC791E5358B5C8B2C594E2 /* ManagerChrome.swift */ = {isa = PBXFileReference; lastKnownFileType = sourcecode.swift; path = ManagerChrome.swift; sourceTree = "<group>"; };
		3BEAD4C3A7D9B274C73AE97A /* privacy.usdz */ = {isa = PBXFileReference; lastKnownFileType = file.usdz; path = privacy.usdz; sourceTree = "<group>"; };
		3D034A83ED3EF29EA3A00669 /* SmartScanView.swift */ = {isa = PBXFileReference; lastKnownFileType = sourcecode.swift; path = SmartScanView.swift; sourceTree = "<group>"; };
		416D1869BE7C552C78714296 /* WindowAccessor.swift */ = {isa = PBXFileReference; lastKnownFileType = sourcecode.swift; path = WindowAccessor.swift; sourceTree = "<group>"; };
		418E20C26743E92B1A6873D5 /* WelcomeViewSubviews.swift */ = {isa = PBXFileReference; lastKnownFileType = sourcecode.swift; path = WelcomeViewSubviews.swift; sourceTree = "<group>"; };
		42005C1A322A1B5ED65AE376 /* SpaceLensReviewSheet.swift */ = {isa = PBXFileReference; lastKnownFileType = sourcecode.swift; path = SpaceLensReviewSheet.swift; sourceTree = "<group>"; };
		48F552ABB8AD311ED03743D9 /* ScanDiscWindowController.swift */ = {isa = PBXFileReference; lastKnownFileType = sourcecode.swift; path = ScanDiscWindowController.swift; sourceTree = "<group>"; };
		4AF7A44789CDF160E65D36A9 /* BloomFieldTests.swift */ = {isa = PBXFileReference; lastKnownFileType = sourcecode.swift; path = BloomFieldTests.swift; sourceTree = "<group>"; };
		4C0A3D2497CF28388945BB57 /* SystemJunkUITests.swift */ = {isa = PBXFileReference; lastKnownFileType = sourcecode.swift; path = SystemJunkUITests.swift; sourceTree = "<group>"; };
		4F4C43FBCF5B117B218E3A5F /* ProtectionDashboardSubviews.swift */ = {isa = PBXFileReference; lastKnownFileType = sourcecode.swift; path = ProtectionDashboardSubviews.swift; sourceTree = "<group>"; };
		5112175C6391E74786A035B9 /* CareScanChecklistView.swift */ = {isa = PBXFileReference; lastKnownFileType = sourcecode.swift; path = CareScanChecklistView.swift; sourceTree = "<group>"; };
		5163E14892EAA1E30C3EFFE5 /* VaderCleanerTests.xctest */ = {isa = PBXFileReference; explicitFileType = wrapper.cfbundle; includeInIndex = 0; path = VaderCleanerTests.xctest; sourceTree = BUILT_PRODUCTS_DIR; };
		5334403C48811B372CBEB19A /* ApplicationsView.swift */ = {isa = PBXFileReference; lastKnownFileType = sourcecode.swift; path = ApplicationsView.swift; sourceTree = "<group>"; };
		55F34852E7D3F67A164EF3DE /* ApplicationsManagerView.swift */ = {isa = PBXFileReference; lastKnownFileType = sourcecode.swift; path = ApplicationsManagerView.swift; sourceTree = "<group>"; };
		56B05E87FC3B6F889CABCCA6 /* SpaceLensListPanel.swift */ = {isa = PBXFileReference; lastKnownFileType = sourcecode.swift; path = SpaceLensListPanel.swift; sourceTree = "<group>"; };
		5772376A5146EC549943FFDE /* Signing.xcconfig */ = {isa = PBXFileReference; lastKnownFileType = text.xcconfig; path = Signing.xcconfig; sourceTree = "<group>"; };
		588B33B31E27D3E193DF5889 /* ColorDeepenedForWhiteTests.swift */ = {isa = PBXFileReference; lastKnownFileType = sourcecode.swift; path = ColorDeepenedForWhiteTests.swift; sourceTree = "<group>"; };
		5A2D135FCC9A6F40E07EC313 /* SmartScanInstallersReview.swift */ = {isa = PBXFileReference; lastKnownFileType = sourcecode.swift; path = SmartScanInstallersReview.swift; sourceTree = "<group>"; };
		5A40F9E81EA594D06410AD50 /* SettingsScanningTab.swift */ = {isa = PBXFileReference; lastKnownFileType = sourcecode.swift; path = SettingsScanningTab.swift; sourceTree = "<group>"; };
		5BAC4E977A664B7A960F1C77 /* FullDiskAccessPromptCard.swift */ = {isa = PBXFileReference; lastKnownFileType = sourcecode.swift; path = FullDiskAccessPromptCard.swift; sourceTree = "<group>"; };
		5CF0E3B948093AD6ED37A2D1 /* SettingsGeneralTab.swift */ = {isa = PBXFileReference; lastKnownFileType = sourcecode.swift; path = SettingsGeneralTab.swift; sourceTree = "<group>"; };
		5E978BB01AD677AEDE122B1C /* Assets.xcassets */ = {isa = PBXFileReference; lastKnownFileType = folder.assetcatalog; path = Assets.xcassets; sourceTree = "<group>"; };
		5F498579A77E1DAED6AC00AF /* SmartScanMyClutterReview.swift */ = {isa = PBXFileReference; lastKnownFileType = sourcecode.swift; path = SmartScanMyClutterReview.swift; sourceTree = "<group>"; };
		5FD6A6FB847C87B47474C7A3 /* PreferencesView.swift */ = {isa = PBXFileReference; lastKnownFileType = sourcecode.swift; path = PreferencesView.swift; sourceTree = "<group>"; };
		613EA848FD2D74A0A719D1C5 /* SmartScanExtensionsReview.swift */ = {isa = PBXFileReference; lastKnownFileType = sourcecode.swift; path = SmartScanExtensionsReview.swift; sourceTree = "<group>"; };
		6232E30181C53E844AC03226 /* TriggerAnchorTests.swift */ = {isa = PBXFileReference; lastKnownFileType = sourcecode.swift; path = TriggerAnchorTests.swift; sourceTree = "<group>"; };
		662EC8345F95EEAFC030B422 /* SmartScanReviewManagerSelectionTests.swift */ = {isa = PBXFileReference; lastKnownFileType = sourcecode.swift; path = SmartScanReviewManagerSelectionTests.swift; sourceTree = "<group>"; };
		691F38EF10E826B31149A787 /* LargeOldFilesSummaryTests.swift */ = {isa = PBXFileReference; lastKnownFileType = sourcecode.swift; path = LargeOldFilesSummaryTests.swift; sourceTree = "<group>"; };
		699E610EAD81CF2C6A3BC913 /* ManagerPresentationHostTests.swift */ = {isa = PBXFileReference; lastKnownFileType = sourcecode.swift; path = ManagerPresentationHostTests.swift; sourceTree = "<group>"; };
		69A3ECCEB4EFBD28D86F8698 /* SettingsExclusionsTab.swift */ = {isa = PBXFileReference; lastKnownFileType = sourcecode.swift; path = SettingsExclusionsTab.swift; sourceTree = "<group>"; };
		6A5715B3661CBF62AACA4206 /* SectionIntroViewTests.swift */ = {isa = PBXFileReference; lastKnownFileType = sourcecode.swift; path = SectionIntroViewTests.swift; sourceTree = "<group>"; };
		6BD871C2C2002760DD923686 /* VaderCleanerUITests.swift */ = {isa = PBXFileReference; lastKnownFileType = sourcecode.swift; path = VaderCleanerUITests.swift; sourceTree = "<group>"; };
		6BEA8AC18E21DC97133583B1 /* SmartScanMaintenanceReview.swift */ = {isa = PBXFileReference; lastKnownFileType = sourcecode.swift; path = SmartScanMaintenanceReview.swift; sourceTree = "<group>"; };
		6CBCA8999E04715E502AB892 /* VaderCleanerHelper */ = {isa = PBXFileReference; includeInIndex = 0; path = VaderCleanerHelper; sourceTree = BUILT_PRODUCTS_DIR; };
		6CC2C4931BAD804306463545 /* ApplicationsDashboardSubviews.swift */ = {isa = PBXFileReference; lastKnownFileType = sourcecode.swift; path = ApplicationsDashboardSubviews.swift; sourceTree = "<group>"; };
		6FE66C634D06A8A842F49852 /* PermissionOnboardingView.swift */ = {isa = PBXFileReference; lastKnownFileType = sourcecode.swift; path = PermissionOnboardingView.swift; sourceTree = "<group>"; };
		6FF680659A618007907BAE1F /* ApplicationsLeftoversPane.swift */ = {isa = PBXFileReference; lastKnownFileType = sourcecode.swift; path = ApplicationsLeftoversPane.swift; sourceTree = "<group>"; };
		71F21ACCECE77A4ED6F5A0EB /* HomebrewManagerUITests.swift */ = {isa = PBXFileReference; lastKnownFileType = sourcecode.swift; path = HomebrewManagerUITests.swift; sourceTree = "<group>"; };
		732FA87F80DF686871220B50 /* SectionPresentationTests.swift */ = {isa = PBXFileReference; lastKnownFileType = sourcecode.swift; path = SectionPresentationTests.swift; sourceTree = "<group>"; };
		737A779C427566A90DA01AF0 /* ApplicationsExtensionsPane.swift */ = {isa = PBXFileReference; lastKnownFileType = sourcecode.swift; path = ApplicationsExtensionsPane.swift; sourceTree = "<group>"; };
		76AAFE68E825ABF25884D805 /* TestHelpers.swift */ = {isa = PBXFileReference; lastKnownFileType = sourcecode.swift; path = TestHelpers.swift; sourceTree = "<group>"; };
		772F77EE11F5BAD8406E38AC /* CarePlanFeedView.swift */ = {isa = PBXFileReference; lastKnownFileType = sourcecode.swift; path = CarePlanFeedView.swift; sourceTree = "<group>"; };
		779157980EEE85DD7D18B6C4 /* SmartScanLargeOldReview.swift */ = {isa = PBXFileReference; lastKnownFileType = sourcecode.swift; path = SmartScanLargeOldReview.swift; sourceTree = "<group>"; };
		7839479824D4A88B31585252 /* BloomField.swift */ = {isa = PBXFileReference; lastKnownFileType = sourcecode.swift; path = BloomField.swift; sourceTree = "<group>"; };
		785EECE3C6B84ECB7D0A3384 /* spaceLens.usdz */ = {isa = PBXFileReference; lastKnownFileType = file.usdz; path = spaceLens.usdz; sourceTree = "<group>"; };
		7EB9080DB9E32168E1AA98AB /* MyClutterThumbnailStripItem.swift */ = {isa = PBXFileReference; lastKnownFileType = sourcecode.swift; path = MyClutterThumbnailStripItem.swift; sourceTree = "<group>"; };
		809A23EF3C57AC0FD862A0C5 /* applications.usdz */ = {isa = PBXFileReference; lastKnownFileType = file.usdz; path = applications.usdz; sourceTree = "<group>"; };
		86CB0FF38AA0C4E58C4ADFF8 /* SpaceLensProtectionMessageTests.swift */ = {isa = PBXFileReference; lastKnownFileType = sourcecode.swift; path = SpaceLensProtectionMessageTests.swift; sourceTree = "<group>"; };
		882E6C32BC5FC5028D921546 /* MalwareOnboardingView.swift */ = {isa = PBXFileReference; lastKnownFileType = sourcecode.swift; path = MalwareOnboardingView.swift; sourceTree = "<group>"; };
		88A38D3CACCA30ED5C202225 /* FloatingScanOverlay.swift */ = {isa = PBXFileReference; lastKnownFileType = sourcecode.swift; path = FloatingScanOverlay.swift; sourceTree = "<group>"; };
		897C2A71D7CABB3FA25241A2 /* SpaceLensView.swift */ = {isa = PBXFileReference; lastKnownFileType = sourcecode.swift; path = SpaceLensView.swift; sourceTree = "<group>"; };
		8A0F635D79B943130BAB15AE /* VaderCleaner.app */ = {isa = PBXFileReference; explicitFileType = wrapper.application; includeInIndex = 0; path = VaderCleaner.app; sourceTree = BUILT_PRODUCTS_DIR; };
		8AE1D0804B8FCB3DD9A50123 /* CleanupCardTests.swift */ = {isa = PBXFileReference; lastKnownFileType = sourcecode.swift; path = CleanupCardTests.swift; sourceTree = "<group>"; };
		8B18E28D449EF4D5FB1D6E0B /* SmartScanUITests.swift */ = {isa = PBXFileReference; lastKnownFileType = sourcecode.swift; path = SmartScanUITests.swift; sourceTree = "<group>"; };
		8B4703AF41629FA4FA05F270 /* MyClutterView.swift */ = {isa = PBXFileReference; lastKnownFileType = sourcecode.swift; path = MyClutterView.swift; sourceTree = "<group>"; };
		8EA94E47C68E68FD21342C5E /* SmartScanSimilarImagesReview.swift */ = {isa = PBXFileReference; lastKnownFileType = sourcecode.swift; path = SmartScanSimilarImagesReview.swift; sourceTree = "<group>"; };
		8ECD0D8D858A439BAB5E0F11 /* CoreResourceBundleTests.swift */ = {isa = PBXFileReference; lastKnownFileType = sourcecode.swift; path = CoreResourceBundleTests.swift; sourceTree = "<group>"; };
		8EDBE956EC8D84E5724D183A /* SmartScanLeftoversReview.swift */ = {isa = PBXFileReference; lastKnownFileType = sourcecode.swift; path = SmartScanLeftoversReview.swift; sourceTree = "<group>"; };
		91C01D5C9DD349049220AFB2 /* VaderCleanerUITests.xctest */ = {isa = PBXFileReference; explicitFileType = wrapper.cfbundle; includeInIndex = 0; path = VaderCleanerUITests.xctest; sourceTree = BUILT_PRODUCTS_DIR; };
		935433C10308C1F2DDF51097 /* PerformanceView.swift */ = {isa = PBXFileReference; lastKnownFileType = sourcecode.swift; path = PerformanceView.swift; sourceTree = "<group>"; };
		952CFA79F6F0E89198DED8E3 /* SmartScanPerformanceReview.swift */ = {isa = PBXFileReference; lastKnownFileType = sourcecode.swift; path = SmartScanPerformanceReview.swift; sourceTree = "<group>"; };
		963EE90AA293C3991962768D /* ManagerItemTable.swift */ = {isa = PBXFileReference; lastKnownFileType = sourcecode.swift; path = ManagerItemTable.swift; sourceTree = "<group>"; };
		963F8A6735414A3746D68C0F /* SmartScanReviewManager.swift */ = {isa = PBXFileReference; lastKnownFileType = sourcecode.swift; path = SmartScanReviewManager.swift; sourceTree = "<group>"; };
		96BA1EBEBF262C65F048F261 /* ManagerPresentationHost.swift */ = {isa = PBXFileReference; lastKnownFileType = sourcecode.swift; path = ManagerPresentationHost.swift; sourceTree = "<group>"; };
		98D7B18095634307C5D7223D /* Info.plist */ = {isa = PBXFileReference; lastKnownFileType = text.plist; path = Info.plist; sourceTree = "<group>"; };
		9B03224EFEF9C9AF2E40F65E /* ApplicationsUnsupportedPane.swift */ = {isa = PBXFileReference; lastKnownFileType = sourcecode.swift; path = ApplicationsUnsupportedPane.swift; sourceTree = "<group>"; };
		9EF205FB127262AB54CB742E /* SettingsMenuBarTab.swift */ = {isa = PBXFileReference; lastKnownFileType = sourcecode.swift; path = SettingsMenuBarTab.swift; sourceTree = "<group>"; };
		9EFF573646C7B3E43AD2A96E /* SectionIntroView.swift */ = {isa = PBXFileReference; lastKnownFileType = sourcecode.swift; path = SectionIntroView.swift; sourceTree = "<group>"; };
		9FB7E341FE54BAE8A2FD5A93 /* SmartInsights.swift */ = {isa = PBXFileReference; lastKnownFileType = sourcecode.swift; path = SmartInsights.swift; sourceTree = "<group>"; };
		9FF2C4CE1BE29B227FEB57CA /* TriggerAnchor.swift */ = {isa = PBXFileReference; lastKnownFileType = sourcecode.swift; path = TriggerAnchor.swift; sourceTree = "<group>"; };
		A1B0ABA8AA490286024757B9 /* MalwareUITests.swift */ = {isa = PBXFileReference; lastKnownFileType = sourcecode.swift; path = MalwareUITests.swift; sourceTree = "<group>"; };
		A25BE525CD287D91EE80A6CF /* VaderCleanerApp.swift */ = {isa = PBXFileReference; lastKnownFileType = sourcecode.swift; path = VaderCleanerApp.swift; sourceTree = "<group>"; };
		A3852658DC221FB8B03631D1 /* HelperProtocol.swift */ = {isa = PBXFileReference; lastKnownFileType = sourcecode.swift; path = HelperProtocol.swift; sourceTree = "<group>"; };
		A3E664863D8594BF56851A01 /* VaderCleanerCore */ = {isa = PBXFileReference; lastKnownFileType = folder; name = VaderCleanerCore; path = VaderCleanerCore; sourceTree = SOURCE_ROOT; };
		A7D017D911C5C3674F2A6ECD /* SystemJunkView.swift */ = {isa = PBXFileReference; lastKnownFileType = sourcecode.swift; path = SystemJunkView.swift; sourceTree = "<group>"; };
		A990C87AEDE5DAF5D2FCDAC7 /* SmartScanStatusStates.swift */ = {isa = PBXFileReference; lastKnownFileType = sourcecode.swift; path = SmartScanStatusStates.swift; sourceTree = "<group>"; };
		A9F0F84AC9D6DC3F18F29AD5 /* ScanProgressIndicatorTests.swift */ = {isa = PBXFileReference; lastKnownFileType = sourcecode.swift; path = ScanProgressIndicatorTests.swift; sourceTree = "<group>"; };
		ABD71B02544D13F9E3A36014 /* SmartScanMalwareReview.swift */ = {isa = PBXFileReference; lastKnownFileType = sourcecode.swift; path = SmartScanMalwareReview.swift; sourceTree = "<group>"; };
		AE43D4A4C7D499E8C2889832 /* HealthMonitorView.swift */ = {isa = PBXFileReference; lastKnownFileType = sourcecode.swift; path = HealthMonitorView.swift; sourceTree = "<group>"; };
		B190774692285AA026AB01E6 /* ConcurrencyPeakTracker.swift */ = {isa = PBXFileReference; lastKnownFileType = sourcecode.swift; path = ConcurrencyPeakTracker.swift; sourceTree = "<group>"; };
		B23D4F6F7B554D138A7147FE /* RunConfirmationSheet.swift */ = {isa = PBXFileReference; lastKnownFileType = sourcecode.swift; path = RunConfirmationSheet.swift; sourceTree = "<group>"; };
		B51321F0F77F5813E6777822 /* performance.usdz */ = {isa = PBXFileReference; lastKnownFileType = file.usdz; path = performance.usdz; sourceTree = "<group>"; };
		B5347E39C28AE8B7F020B233 /* SpaceLensVolumePicker.swift */ = {isa = PBXFileReference; lastKnownFileType = sourcecode.swift; path = SpaceLensVolumePicker.swift; sourceTree = "<group>"; };
		B58947E04248EE1D262DD27F /* SpaceLensHoverCard.swift */ = {isa = PBXFileReference; lastKnownFileType = sourcecode.swift; path = SpaceLensHoverCard.swift; sourceTree = "<group>"; };
		BAF52BDEDEF520A2FFDC06C1 /* DocumentVersionsStoreScan.swift */ = {isa = PBXFileReference; lastKnownFileType = sourcecode.swift; path = DocumentVersionsStoreScan.swift; sourceTree = "<group>"; };
		BBE51C5A592BB78EAB7E3A5D /* smartScan.usdz */ = {isa = PBXFileReference; lastKnownFileType = file.usdz; path = smartScan.usdz; sourceTree = "<group>"; };
		BC2AA1946F04527938EFF60D /* EmptyStateFullDiskAccessTests.swift */ = {isa = PBXFileReference; lastKnownFileType = sourcecode.swift; path = EmptyStateFullDiskAccessTests.swift; sourceTree = "<group>"; };
		BD4A158D21CEFBFF0D3D46DA /* WelcomeUITests.swift */ = {isa = PBXFileReference; lastKnownFileType = sourcecode.swift; path = WelcomeUITests.swift; sourceTree = "<group>"; };
		C2A35775D85A4E890A04EE26 /* FloatingScanButtonTests.swift */ = {isa = PBXFileReference; lastKnownFileType = sourcecode.swift; path = FloatingScanButtonTests.swift; sourceTree = "<group>"; };
		C2F2C63241236DBFD9176410 /* NotificationManagerTests.swift */ = {isa = PBXFileReference; lastKnownFileType = sourcecode.swift; path = NotificationManagerTests.swift; sourceTree = "<group>"; };
		C5BE6E53E0A4ABB39A7B8B0C /* ContentView.swift */ = {isa = PBXFileReference; lastKnownFileType = sourcecode.swift; path = ContentView.swift; sourceTree = "<group>"; };
		C5FD7F60311101E723D73E11 /* ApplicationsUITests.swift */ = {isa = PBXFileReference; lastKnownFileType = sourcecode.swift; path = ApplicationsUITests.swift; sourceTree = "<group>"; };
		C763E0DB99A67C5F869339C6 /* ManagerContentTokenTests.swift */ = {isa = PBXFileReference; lastKnownFileType = sourcecode.swift; path = ManagerContentTokenTests.swift; sourceTree = "<group>"; };
		C91F61D9C54461DBA18D930E /* ReassuranceCard.swift */ = {isa = PBXFileReference; lastKnownFileType = sourcecode.swift; path = ReassuranceCard.swift; sourceTree = "<group>"; };
		C95F9F1598CDBA6E90EC82B4 /* AppUninstallerViewSubviews.swift */ = {isa = PBXFileReference; lastKnownFileType = sourcecode.swift; path = AppUninstallerViewSubviews.swift; sourceTree = "<group>"; };
		CAC2037BDF5D632418393BD9 /* en */ = {isa = PBXFileReference; lastKnownFileType = text.plist.stringsdict; name = en; path = en.lproj/Localizable.stringsdict; sourceTree = "<group>"; };
		CDCDF1D60580818B27EFBB56 /* SmartScanSettingsStoreTests.swift */ = {isa = PBXFileReference; lastKnownFileType = sourcecode.swift; path = SmartScanSettingsStoreTests.swift; sourceTree = "<group>"; };
		CE304A4C8973520C602AE369 /* AppIcon.icon */ = {isa = PBXFileReference; lastKnownFileType = wrapper.icon; path = AppIcon.icon; sourceTree = "<group>"; };
		D01BBF737C8160E8BA9C847B /* FloatingRunOverlay.swift */ = {isa = PBXFileReference; lastKnownFileType = sourcecode.swift; path = FloatingRunOverlay.swift; sourceTree = "<group>"; };
		D1D5689879C5C19243A7AF1E /* malwareRemoval.usdz */ = {isa = PBXFileReference; lastKnownFileType = file.usdz; path = malwareRemoval.usdz; sourceTree = "<group>"; };
		D2C2B92863509818189F46CD /* MenuBarContent.swift */ = {isa = PBXFileReference; lastKnownFileType = sourcecode.swift; path = MenuBarContent.swift; sourceTree = "<group>"; };
		D747E37C520E51FA10D0A08F /* ProtectionDashboardView.swift */ = {isa = PBXFileReference; lastKnownFileType = sourcecode.swift; path = ProtectionDashboardView.swift; sourceTree = "<group>"; };
		D77F5ECDB9EC7676D631FC29 /* SettingsNotificationsTab.swift */ = {isa = PBXFileReference; lastKnownFileType = sourcecode.swift; path = SettingsNotificationsTab.swift; sourceTree = "<group>"; };
		D7D76FC5B20F88179DF40523 /* NavigationRailView.swift */ = {isa = PBXFileReference; lastKnownFileType = sourcecode.swift; path = NavigationRailView.swift; sourceTree = "<group>"; };
		DB9A2FDFC86DCAD4AF412E6E /* MalwareViewSubviews.swift */ = {isa = PBXFileReference; lastKnownFileType = sourcecode.swift; path = MalwareViewSubviews.swift; sourceTree = "<group>"; };
		E01C8CB7BE63B3851A6E8503 /* FinalPolishUITests.swift */ = {isa = PBXFileReference; lastKnownFileType = sourcecode.swift; path = FinalPolishUITests.swift; sourceTree = "<group>"; };
		E3868D603ADF6C85DDAB80FC /* SmartScanBrowserPrivacyReview.swift */ = {isa = PBXFileReference; lastKnownFileType = sourcecode.swift; path = SmartScanBrowserPrivacyReview.swift; sourceTree = "<group>"; };
		E46DDDE3F7D8DD0D954FF1E1 /* SmartInsightsPromptTests.swift */ = {isa = PBXFileReference; lastKnownFileType = sourcecode.swift; path = SmartInsightsPromptTests.swift; sourceTree = "<group>"; };
		E5C9B6A44E802C8593083F1E /* SmartScanUnusedAppsReview.swift */ = {isa = PBXFileReference; lastKnownFileType = sourcecode.swift; path = SmartScanUnusedAppsReview.swift; sourceTree = "<group>"; };
		E67824DA18085247812F6E08 /* SmartScanJunkReview.swift */ = {isa = PBXFileReference; lastKnownFileType = sourcecode.swift; path = SmartScanJunkReview.swift; sourceTree = "<group>"; };
		EA622E5E85D2E2FD626F480C /* MyClutterFolderPicker.swift */ = {isa = PBXFileReference; lastKnownFileType = sourcecode.swift; path = MyClutterFolderPicker.swift; sourceTree = "<group>"; };
		EA6EF3AECF2EA4ABEC78D816 /* WelcomeView.swift */ = {isa = PBXFileReference; lastKnownFileType = sourcecode.swift; path = WelcomeView.swift; sourceTree = "<group>"; };
		ED6A45D880D8C5A7D7E9D9B8 /* PerformanceViewSubviews.swift */ = {isa = PBXFileReference; lastKnownFileType = sourcecode.swift; path = PerformanceViewSubviews.swift; sourceTree = "<group>"; };
		ED9237DC6C31AF0B00142B6F /* TestBox.swift */ = {isa = PBXFileReference; lastKnownFileType = sourcecode.swift; path = TestBox.swift; sourceTree = "<group>"; };
		EE225F3A130C0DDEE2E31DBF /* PerformanceDashboardSubviews.swift */ = {isa = PBXFileReference; lastKnownFileType = sourcecode.swift; path = PerformanceDashboardSubviews.swift; sourceTree = "<group>"; };
		EE9D23E00FAE416998319058 /* .swiftlint.yml */ = {isa = PBXFileReference; lastKnownFileType = text.yaml; path = .swiftlint.yml; sourceTree = "<group>"; };
		EF2E05CC421ABECA654697A0 /* .swiftlint.yml */ = {isa = PBXFileReference; lastKnownFileType = text.yaml; path = .swiftlint.yml; sourceTree = "<group>"; };
		F0229FBE733B06D6302D5497 /* RailCollapseTests.swift */ = {isa = PBXFileReference; lastKnownFileType = sourcecode.swift; path = RailCollapseTests.swift; sourceTree = "<group>"; };
		F47916A68DDCAD9D0B7272B9 /* VaderTheme.swift */ = {isa = PBXFileReference; lastKnownFileType = sourcecode.swift; path = VaderTheme.swift; sourceTree = "<group>"; };
		F56A33B44B99F1099670CC9B /* ApplicationsUninstallerPane.swift */ = {isa = PBXFileReference; lastKnownFileType = sourcecode.swift; path = ApplicationsUninstallerPane.swift; sourceTree = "<group>"; };
		F8529ADBAF106E09B22B5866 /* ScanAccessPopoverTests.swift */ = {isa = PBXFileReference; lastKnownFileType = sourcecode.swift; path = ScanAccessPopoverTests.swift; sourceTree = "<group>"; };
		F9A6840EC60D2A5BAE672A01 /* SettingsProtectionTab.swift */ = {isa = PBXFileReference; lastKnownFileType = sourcecode.swift; path = SettingsProtectionTab.swift; sourceTree = "<group>"; };
		FA2CB51CBEC832FDDDFB7D89 /* VaderCleaner.entitlements */ = {isa = PBXFileReference; lastKnownFileType = text.plist.entitlements; path = VaderCleaner.entitlements; sourceTree = "<group>"; };
		FAA431DBFA6491AFA47651BD /* ProtectionManagerView.swift */ = {isa = PBXFileReference; lastKnownFileType = sourcecode.swift; path = ProtectionManagerView.swift; sourceTree = "<group>"; };
		FCA2D3E58D656FF184F406A0 /* SpaceLensBubbleView.swift */ = {isa = PBXFileReference; lastKnownFileType = sourcecode.swift; path = SpaceLensBubbleView.swift; sourceTree = "<group>"; };
		FF3BFBAF09EA79BE34F2ABCF /* ScanProgressIndicator.swift */ = {isa = PBXFileReference; lastKnownFileType = sourcecode.swift; path = ScanProgressIndicator.swift; sourceTree = "<group>"; };
/* End PBXFileReference section */

/* Begin PBXFrameworksBuildPhase section */
		69551D2772F95974FA6DF0CF /* Frameworks */ = {
			isa = PBXFrameworksBuildPhase;
			buildActionMask = 2147483647;
			files = (
				458A07AC0C5F8EBE546BE59D /* VaderCleanerCore in Frameworks */,
			);
			runOnlyForDeploymentPostprocessing = 0;
		};
/* End PBXFrameworksBuildPhase section */

/* Begin PBXGroup section */
		1316773A7836F762A217D5E2 /* Resources */ = {
			isa = PBXGroup;
			children = (
				D1CA1C4B91CA064A86FEE9DA /* Models */,
			);
			path = Resources;
			sourceTree = "<group>";
		};
		14AC4A2726CD619669732288 /* Helpers */ = {
			isa = PBXGroup;
			children = (
				B190774692285AA026AB01E6 /* ConcurrencyPeakTracker.swift */,
				ED9237DC6C31AF0B00142B6F /* TestBox.swift */,
				76AAFE68E825ABF25884D805 /* TestHelpers.swift */,
			);
			name = Helpers;
			path = VaderCleanerCore/Tests/VaderCleanerCoreTests/Helpers;
			sourceTree = "<group>";
		};
		3BEC6EC1046D33614F62E7A1 /* Packages */ = {
			isa = PBXGroup;
			children = (
				A3E664863D8594BF56851A01 /* VaderCleanerCore */,
			);
			name = Packages;
			sourceTree = "<group>";
		};
		4410A08332E8C4390F9247CA /* Products */ = {
			isa = PBXGroup;
			children = (
				8A0F635D79B943130BAB15AE /* VaderCleaner.app */,
				6CBCA8999E04715E502AB892 /* VaderCleanerHelper */,
				5163E14892EAA1E30C3EFFE5 /* VaderCleanerTests.xctest */,
				91C01D5C9DD349049220AFB2 /* VaderCleanerUITests.xctest */,
			);
			name = Products;
			sourceTree = "<group>";
		};
		60EC9332AD3B6CA565B9AB47 = {
			isa = PBXGroup;
			children = (
				14AC4A2726CD619669732288 /* Helpers */,
				67B1A0765F1927D86E6300F1 /* inspiring-lamarr-a6af7b */,
				3BEC6EC1046D33614F62E7A1 /* Packages */,
				E64E279A077DB78FF7F39BDD /* Shared */,
				82214E451FF2D64A74A4B196 /* VaderCleaner */,
				DD23DA844162EC496E4C0C1D /* VaderCleanerHelper */,
				E90D4526947C1F261F963425 /* VaderCleanerTests */,
				6A2D96C9C63AD506553F0BE0 /* VaderCleanerUITests */,
				4410A08332E8C4390F9247CA /* Products */,
			);
			sourceTree = "<group>";
		};
		67B1A0765F1927D86E6300F1 /* inspiring-lamarr-a6af7b */ = {
			isa = PBXGroup;
			children = (
				5772376A5146EC549943FFDE /* Signing.xcconfig */,
			);
			name = "inspiring-lamarr-a6af7b";
			path = .;
			sourceTree = "<group>";
		};
		6A2D96C9C63AD506553F0BE0 /* VaderCleanerUITests */ = {
			isa = PBXGroup;
			children = (
				EE9D23E00FAE416998319058 /* .swiftlint.yml */,
				C5FD7F60311101E723D73E11 /* ApplicationsUITests.swift */,
				E01C8CB7BE63B3851A6E8503 /* FinalPolishUITests.swift */,
				71F21ACCECE77A4ED6F5A0EB /* HomebrewManagerUITests.swift */,
				A1B0ABA8AA490286024757B9 /* MalwareUITests.swift */,
				1675ADBCF352BE496572E655 /* PerformanceUITests.swift */,
				193D790F046085F3D309FF8C /* ScanningPreferencesUITests.swift */,
				8B18E28D449EF4D5FB1D6E0B /* SmartScanUITests.swift */,
				0FB23D6F3B48857BDEB6DF3A /* SpaceLensUITests.swift */,
				4C0A3D2497CF28388945BB57 /* SystemJunkUITests.swift */,
				6BD871C2C2002760DD923686 /* VaderCleanerUITests.swift */,
				BD4A158D21CEFBFF0D3D46DA /* WelcomeUITests.swift */,
			);
			path = VaderCleanerUITests;
			sourceTree = "<group>";
		};
		82214E451FF2D64A74A4B196 /* VaderCleaner */ = {
			isa = PBXGroup;
			children = (
				CE304A4C8973520C602AE369 /* AppIcon.icon */,
				6CC2C4931BAD804306463545 /* ApplicationsDashboardSubviews.swift */,
				737A779C427566A90DA01AF0 /* ApplicationsExtensionsPane.swift */,
				6FF680659A618007907BAE1F /* ApplicationsLeftoversPane.swift */,
				1C16DC48327D81B1E58D0CDE /* ApplicationsManagerChrome.swift */,
				55F34852E7D3F67A164EF3DE /* ApplicationsManagerView.swift */,
				F56A33B44B99F1099670CC9B /* ApplicationsUninstallerPane.swift */,
				9B03224EFEF9C9AF2E40F65E /* ApplicationsUnsupportedPane.swift */,
				1F9F7A22B6F730CE51FAD2D6 /* ApplicationsUpdaterPane.swift */,
				5334403C48811B372CBEB19A /* ApplicationsView.swift */,
				C95F9F1598CDBA6E90EC82B4 /* AppUninstallerViewSubviews.swift */,
				5E978BB01AD677AEDE122B1C /* Assets.xcassets */,
				7839479824D4A88B31585252 /* BloomField.swift */,
				772F77EE11F5BAD8406E38AC /* CarePlanFeedView.swift */,
				5112175C6391E74786A035B9 /* CareScanChecklistView.swift */,
				C5BE6E53E0A4ABB39A7B8B0C /* ContentView.swift */,
				D01BBF737C8160E8BA9C847B /* FloatingRunOverlay.swift */,
				2B14F49807367DE2ABB76753 /* FloatingScanButton.swift */,
				88A38D3CACCA30ED5C202225 /* FloatingScanOverlay.swift */,
				5BAC4E977A664B7A960F1C77 /* FullDiskAccessPromptCard.swift */,
				AE43D4A4C7D499E8C2889832 /* HealthMonitorView.swift */,
				1E01799AB6B0981AD6065CC3 /* HomebrewFacetContent.swift */,
				98D7B18095634307C5D7223D /* Info.plist */,
				1118EEB70EAD2A87D42A6605 /* LargeOldFilesViewSubviews.swift */,
				882E6C32BC5FC5028D921546 /* MalwareOnboardingView.swift */,
				DB9A2FDFC86DCAD4AF412E6E /* MalwareViewSubviews.swift */,
				3AEC791E5358B5C8B2C594E2 /* ManagerChrome.swift */,
				963EE90AA293C3991962768D /* ManagerItemTable.swift */,
				96BA1EBEBF262C65F048F261 /* ManagerPresentationHost.swift */,
				D2C2B92863509818189F46CD /* MenuBarContent.swift */,
				1B0FF6808EEAB9104DCC8D61 /* MyClutterDashboardView.swift */,
				EA622E5E85D2E2FD626F480C /* MyClutterFolderPicker.swift */,
				03DA725A728374ADDA906C40 /* MyClutterManagerView.swift */,
				7EB9080DB9E32168E1AA98AB /* MyClutterThumbnailStripItem.swift */,
				8B4703AF41629FA4FA05F270 /* MyClutterView.swift */,
				D7D76FC5B20F88179DF40523 /* NavigationRailView.swift */,
				EE225F3A130C0DDEE2E31DBF /* PerformanceDashboardSubviews.swift */,
				935433C10308C1F2DDF51097 /* PerformanceView.swift */,
				ED6A45D880D8C5A7D7E9D9B8 /* PerformanceViewSubviews.swift */,
				6FE66C634D06A8A842F49852 /* PermissionOnboardingView.swift */,
				5FD6A6FB847C87B47474C7A3 /* PreferencesView.swift */,
				4F4C43FBCF5B117B218E3A5F /* ProtectionDashboardSubviews.swift */,
				D747E37C520E51FA10D0A08F /* ProtectionDashboardView.swift */,
				FAA431DBFA6491AFA47651BD /* ProtectionManagerView.swift */,
				C91F61D9C54461DBA18D930E /* ReassuranceCard.swift */,
				B23D4F6F7B554D138A7147FE /* RunConfirmationSheet.swift */,
				2BB5681FA35AB3189E0143A5 /* ScanAccessPopover.swift */,
				3655EDEA0B38D11EFCE61986 /* ScanDiscHostView.swift */,
				48F552ABB8AD311ED03743D9 /* ScanDiscWindowController.swift */,
				374A11FF89347AF05A14498B /* ScannableSectionContent.swift */,
				FF3BFBAF09EA79BE34F2ABCF /* ScanProgressIndicator.swift */,
				9EFF573646C7B3E43AD2A96E /* SectionIntroView.swift */,
				69A3ECCEB4EFBD28D86F8698 /* SettingsExclusionsTab.swift */,
				5CF0E3B948093AD6ED37A2D1 /* SettingsGeneralTab.swift */,
				9EF205FB127262AB54CB742E /* SettingsMenuBarTab.swift */,
				D77F5ECDB9EC7676D631FC29 /* SettingsNotificationsTab.swift */,
				F9A6840EC60D2A5BAE672A01 /* SettingsProtectionTab.swift */,
				5A40F9E81EA594D06410AD50 /* SettingsScanningTab.swift */,
				9FB7E341FE54BAE8A2FD5A93 /* SmartInsights.swift */,
				215EFDDDC81E5E7C6DBD72AB /* SmartScanApplicationsReview.swift */,
				13B8B456AAE9823D3086D65F /* SmartScanBackgroundItemsReview.swift */,
				E3868D603ADF6C85DDAB80FC /* SmartScanBrowserPrivacyReview.swift */,
				074073ACC90698149309B503 /* SmartScanDownloadsReview.swift */,
				613EA848FD2D74A0A719D1C5 /* SmartScanExtensionsReview.swift */,
				5A2D135FCC9A6F40E07EC313 /* SmartScanInstallersReview.swift */,
				E67824DA18085247812F6E08 /* SmartScanJunkReview.swift */,
				779157980EEE85DD7D18B6C4 /* SmartScanLargeOldReview.swift */,
				8EDBE956EC8D84E5724D183A /* SmartScanLeftoversReview.swift */,
				6BEA8AC18E21DC97133583B1 /* SmartScanMaintenanceReview.swift */,
				ABD71B02544D13F9E3A36014 /* SmartScanMalwareReview.swift */,
				5F498579A77E1DAED6AC00AF /* SmartScanMyClutterReview.swift */,
				952CFA79F6F0E89198DED8E3 /* SmartScanPerformanceReview.swift */,
				963F8A6735414A3746D68C0F /* SmartScanReviewManager.swift */,
				8EA94E47C68E68FD21342C5E /* SmartScanSimilarImagesReview.swift */,
				A990C87AEDE5DAF5D2FCDAC7 /* SmartScanStatusStates.swift */,
				24196A23E9B3D20BE9A50B84 /* SmartScanUnsupportedAppsReview.swift */,
				E5C9B6A44E802C8593083F1E /* SmartScanUnusedAppsReview.swift */,
				3D034A83ED3EF29EA3A00669 /* SmartScanView.swift */,
				31DFE86EF01367F598551A8B /* SpaceLensBottomBar.swift */,
				FCA2D3E58D656FF184F406A0 /* SpaceLensBubbleView.swift */,
				B58947E04248EE1D262DD27F /* SpaceLensHoverCard.swift */,
				56B05E87FC3B6F889CABCCA6 /* SpaceLensListPanel.swift */,
				42005C1A322A1B5ED65AE376 /* SpaceLensReviewSheet.swift */,
				897C2A71D7CABB3FA25241A2 /* SpaceLensView.swift */,
				B5347E39C28AE8B7F020B233 /* SpaceLensVolumePicker.swift */,
				2605C9D00F82838A6A9D11A3 /* SystemJunkDashboardSubviews.swift */,
				A7D017D911C5C3674F2A6ECD /* SystemJunkView.swift */,
				9FF2C4CE1BE29B227FEB57CA /* TriggerAnchor.swift */,
				FA2CB51CBEC832FDDDFB7D89 /* VaderCleaner.entitlements */,
				A25BE525CD287D91EE80A6CF /* VaderCleanerApp.swift */,
				F47916A68DDCAD9D0B7272B9 /* VaderTheme.swift */,
				2659D57635179FE36BEC0366 /* WebDevScanFolderPicker.swift */,
				EA6EF3AECF2EA4ABEC78D816 /* WelcomeView.swift */,
				418E20C26743E92B1A6873D5 /* WelcomeViewSubviews.swift */,
				416D1869BE7C552C78714296 /* WindowAccessor.swift */,
				46466A1909A880757A7C4B31 /* Localizable.strings */,
				329FBD86F55918272AF0EF2A /* Localizable.stringsdict */,
				1316773A7836F762A217D5E2 /* Resources */,
			);
			path = VaderCleaner;
			sourceTree = "<group>";
		};
		D1CA1C4B91CA064A86FEE9DA /* Models */ = {
			isa = PBXGroup;
			children = (
				809A23EF3C57AC0FD862A0C5 /* applications.usdz */,
				1683C13B4837D58AD519341C /* largeOldFiles.usdz */,
				D1D5689879C5C19243A7AF1E /* malwareRemoval.usdz */,
				B51321F0F77F5813E6777822 /* performance.usdz */,
				3BEAD4C3A7D9B274C73AE97A /* privacy.usdz */,
				BBE51C5A592BB78EAB7E3A5D /* smartScan.usdz */,
				785EECE3C6B84ECB7D0A3384 /* spaceLens.usdz */,
				168266DA7B9E9A25E0B56A8C /* systemJunk.usdz */,
			);
			path = Models;
			sourceTree = "<group>";
		};
		DD23DA844162EC496E4C0C1D /* VaderCleanerHelper */ = {
			isa = PBXGroup;
			children = (
				36FD121EC3D77731E8032A96 /* com.personal.VaderCleaner.helper.plist */,
				13A5713F5928025F9FE34A43 /* main.swift */,
			);
			path = VaderCleanerHelper;
			sourceTree = "<group>";
		};
		E64E279A077DB78FF7F39BDD /* Shared */ = {
			isa = PBXGroup;
			children = (
				BAF52BDEDEF520A2FFDC06C1 /* DocumentVersionsStoreScan.swift */,
				02734346BE66CC759A92FB83 /* HelperDeletionPolicy.swift */,
				A3852658DC221FB8B03631D1 /* HelperProtocol.swift */,
			);
			name = Shared;
			path = VaderCleanerCore/Sources/VaderCleanerCore/Shared;
			sourceTree = "<group>";
		};
		E90D4526947C1F261F963425 /* VaderCleanerTests */ = {
			isa = PBXGroup;
			children = (
				EF2E05CC421ABECA654697A0 /* .swiftlint.yml */,
				4AF7A44789CDF160E65D36A9 /* BloomFieldTests.swift */,
				8AE1D0804B8FCB3DD9A50123 /* CleanupCardTests.swift */,
				17630CA93451A0E1A29ED6A1 /* CleanupGroupTests.swift */,
				588B33B31E27D3E193DF5889 /* ColorDeepenedForWhiteTests.swift */,
				8ECD0D8D858A439BAB5E0F11 /* CoreResourceBundleTests.swift */,
				BC2AA1946F04527938EFF60D /* EmptyStateFullDiskAccessTests.swift */,
				C2A35775D85A4E890A04EE26 /* FloatingScanButtonTests.swift */,
				691F38EF10E826B31149A787 /* LargeOldFilesSummaryTests.swift */,
				C763E0DB99A67C5F869339C6 /* ManagerContentTokenTests.swift */,
				699E610EAD81CF2C6A3BC913 /* ManagerPresentationHostTests.swift */,
				24633693DA0109BA4809355D /* MyClutterThumbnailStripItemTests.swift */,
				183D94243CDA9FABBF5A22E5 /* MyClutterTileKindTests.swift */,
				133467A06193C406B027D97C /* NavigationSectionTests.swift */,
				C2F2C63241236DBFD9176410 /* NotificationManagerTests.swift */,
				F0229FBE733B06D6302D5497 /* RailCollapseTests.swift */,
				F8529ADBAF106E09B22B5866 /* ScanAccessPopoverTests.swift */,
				A9F0F84AC9D6DC3F18F29AD5 /* ScanProgressIndicatorTests.swift */,
				6A5715B3661CBF62AACA4206 /* SectionIntroViewTests.swift */,
				732FA87F80DF686871220B50 /* SectionPresentationTests.swift */,
				E46DDDE3F7D8DD0D954FF1E1 /* SmartInsightsPromptTests.swift */,
				662EC8345F95EEAFC030B422 /* SmartScanReviewManagerSelectionTests.swift */,
				CDCDF1D60580818B27EFBB56 /* SmartScanSettingsStoreTests.swift */,
				2B22856A47E87BF9A84172B2 /* SpaceLensHoverCardTests.swift */,
				86CB0FF38AA0C4E58C4ADFF8 /* SpaceLensProtectionMessageTests.swift */,
				6232E30181C53E844AC03226 /* TriggerAnchorTests.swift */,
			);
			path = VaderCleanerTests;
			sourceTree = "<group>";
		};
/* End PBXGroup section */

/* Begin PBXNativeTarget section */
		0A2954465B4713F8951601A1 /* VaderCleanerTests */ = {
			isa = PBXNativeTarget;
			buildConfigurationList = C343E76143E57ED7E7E25F0B /* Build configuration list for PBXNativeTarget "VaderCleanerTests" */;
			buildPhases = (
				1D19ACDB4F0FC941ECCB7272 /* Sources */,
				02A6C75CAF92AD6B55D50794 /* Resources */,
			);
			buildRules = (
			);
			dependencies = (
				955C7BB0D0D8AE0760AC2A38 /* PBXTargetDependency */,
			);
			name = VaderCleanerTests;
			packageProductDependencies = (
			);
			productName = VaderCleanerTests;
			productReference = 5163E14892EAA1E30C3EFFE5 /* VaderCleanerTests.xctest */;
			productType = "com.apple.product-type.bundle.unit-test";
		};
		8309E530B1256636F6042A29 /* VaderCleanerHelper */ = {
			isa = PBXNativeTarget;
			buildConfigurationList = 986C116CB7F1A76E60646796 /* Build configuration list for PBXNativeTarget "VaderCleanerHelper" */;
			buildPhases = (
				5333905ACD090ACD8006BF40 /* Sources */,
			);
			buildRules = (
			);
			dependencies = (
			);
			name = VaderCleanerHelper;
			packageProductDependencies = (
			);
			productName = VaderCleanerHelper;
			productReference = 6CBCA8999E04715E502AB892 /* VaderCleanerHelper */;
			productType = "com.apple.product-type.tool";
		};
		AECD709401424A144DA3AD4A /* VaderCleaner */ = {
			isa = PBXNativeTarget;
			buildConfigurationList = 76201AA3F7629053AC19150D /* Build configuration list for PBXNativeTarget "VaderCleaner" */;
			buildPhases = (
				D61896638874031150B1DBA3 /* Sources */,
				E18DA18EE91F391835346665 /* Stage bundled ClamAV */,
				789DD6BBD4FECA89B890AEF3 /* Resources */,
				0C5C5E5270D52EFEBF1EE933 /* CopyFiles */,
				69551D2772F95974FA6DF0CF /* Frameworks */,
				D37833ADC32F18DB4C339B74 /* Embed Dependencies */,
				F4E4466B06149CF339F8CD03 /* Ad-hoc sign for local development */,
			);
			buildRules = (
			);
			dependencies = (
				B37CDC7CA9115D69ECBEB87A /* PBXTargetDependency */,
			);
			name = VaderCleaner;
			packageProductDependencies = (
				F3E6A6BBFAEB6941454F6104 /* VaderCleanerCore */,
			);
			productName = VaderCleaner;
			productReference = 8A0F635D79B943130BAB15AE /* VaderCleaner.app */;
			productType = "com.apple.product-type.application";
		};
		F6D57048ED0E43FEADC2CFAF /* VaderCleanerUITests */ = {
			isa = PBXNativeTarget;
			buildConfigurationList = A9DEFDFEABB1762DA2F7B215 /* Build configuration list for PBXNativeTarget "VaderCleanerUITests" */;
			buildPhases = (
				80689D55D303D3D1C6EF09E8 /* Sources */,
				65A2BF50FD5038285C91F03A /* Resources */,
			);
			buildRules = (
			);
			dependencies = (
				376E449B0F2AEF89DAD36B7B /* PBXTargetDependency */,
			);
			name = VaderCleanerUITests;
			packageProductDependencies = (
			);
			productName = VaderCleanerUITests;
			productReference = 91C01D5C9DD349049220AFB2 /* VaderCleanerUITests.xctest */;
			productType = "com.apple.product-type.bundle.ui-testing";
		};
/* End PBXNativeTarget section */

/* Begin PBXProject section */
		FF89C8EE707F5C8806198E6E /* Project object */ = {
			isa = PBXProject;
			attributes = {
				BuildIndependentTargetsInParallel = YES;
				LastUpgradeCheck = 2660;
				TargetAttributes = {
					0A2954465B4713F8951601A1 = {
						DevelopmentTeam = "";
						ProvisioningStyle = Manual;
					};
					8309E530B1256636F6042A29 = {
						DevelopmentTeam = "";
						ProvisioningStyle = Manual;
					};
					AECD709401424A144DA3AD4A = {
						DevelopmentTeam = "";
						ProvisioningStyle = Manual;
					};
					F6D57048ED0E43FEADC2CFAF = {
						DevelopmentTeam = "";
						ProvisioningStyle = Manual;
						TestTargetID = AECD709401424A144DA3AD4A;
					};
				};
			};
			buildConfigurationList = 64AE4C834EFE823D9DBFB766 /* Build configuration list for PBXProject "VaderCleaner" */;
			developmentRegion = en;
			hasScannedForEncodings = 0;
			knownRegions = (
				Base,
				en,
			);
			mainGroup = 60EC9332AD3B6CA565B9AB47;
			minimizedProjectReferenceProxies = 1;
			packageReferences = (
				2D36976A501816C6B3FCFA71 /* XCLocalSwiftPackageReference "VaderCleanerCore" */,
			);
			preferredProjectObjectVersion = 77;
			productRefGroup = 4410A08332E8C4390F9247CA /* Products */;
			projectDirPath = "";
			projectRoot = "";
			targets = (
				AECD709401424A144DA3AD4A /* VaderCleaner */,
				8309E530B1256636F6042A29 /* VaderCleanerHelper */,
				0A2954465B4713F8951601A1 /* VaderCleanerTests */,
				F6D57048ED0E43FEADC2CFAF /* VaderCleanerUITests */,
			);
		};
/* End PBXProject section */

/* Begin PBXResourcesBuildPhase section */
		02A6C75CAF92AD6B55D50794 /* Resources */ = {
			isa = PBXResourcesBuildPhase;
			buildActionMask = 2147483647;
			files = (
				B32F72C5914C024EA4647729 /* .swiftlint.yml in Resources */,
			);
			runOnlyForDeploymentPostprocessing = 0;
		};
		65A2BF50FD5038285C91F03A /* Resources */ = {
			isa = PBXResourcesBuildPhase;
			buildActionMask = 2147483647;
			files = (
				3B94A4AD2F7AE77AA6E2DB44 /* .swiftlint.yml in Resources */,
			);
			runOnlyForDeploymentPostprocessing = 0;
		};
		789DD6BBD4FECA89B890AEF3 /* Resources */ = {
			isa = PBXResourcesBuildPhase;
			buildActionMask = 2147483647;
			files = (
				070022969C225740C90D111D /* AppIcon.icon in Resources */,
				C2542EE3974C2F9232EE74D1 /* Assets.xcassets in Resources */,
				62A51901AE4CA4CE8FB58349 /* Localizable.strings in Resources */,
				11C7DA0D7ECDCBF7DFB3C829 /* Localizable.stringsdict in Resources */,
				8EFA63D6FAE69C6904BCF32D /* applications.usdz in Resources */,
				2DF208D271EE337E2E36CC06 /* largeOldFiles.usdz in Resources */,
				161EB790ECA69115DBAC1B6F /* malwareRemoval.usdz in Resources */,
				6A34CA9DF4F4B0D1326A965C /* performance.usdz in Resources */,
				27009AF3896291F9B80D01CA /* privacy.usdz in Resources */,
				5FE19122629FE05486A04159 /* smartScan.usdz in Resources */,
				4536F93FC837F56C61CDD236 /* spaceLens.usdz in Resources */,
				F2999D60141F92BE8DA1180B /* systemJunk.usdz in Resources */,
			);
			runOnlyForDeploymentPostprocessing = 0;
		};
/* End PBXResourcesBuildPhase section */

/* Begin PBXShellScriptBuildPhase section */
		E18DA18EE91F391835346665 /* Stage bundled ClamAV */ = {
			isa = PBXShellScriptBuildPhase;
			alwaysOutOfDate = 1;
			buildActionMask = 2147483647;
			files = (
			);
			inputFileListPaths = (
			);
			inputPaths = (
				"$(SRCROOT)/Vendor/clamav/bin/clamscan",
				"$(SRCROOT)/Vendor/clamav/bin/freshclam",
			);
			name = "Stage bundled ClamAV";
			outputFileListPaths = (
			);
			outputPaths = (
				"$(BUILT_PRODUCTS_DIR)/$(CONTENTS_FOLDER_PATH)/Resources/clamav/bin/clamscan",
				"$(BUILT_PRODUCTS_DIR)/$(CONTENTS_FOLDER_PATH)/Resources/clamav/bin/freshclam",
			);
			runOnlyForDeploymentPostprocessing = 0;
			shellPath = /bin/sh;
			shellScript = "\"${SRCROOT}/Scripts/stage-clamav.sh\"\n";
		};
		F4E4466B06149CF339F8CD03 /* Ad-hoc sign for local development */ = {
			isa = PBXShellScriptBuildPhase;
			alwaysOutOfDate = 1;
			buildActionMask = 2147483647;
			files = (
			);
			inputFileListPaths = (
			);
			inputPaths = (
			);
			name = "Ad-hoc sign for local development";
			outputFileListPaths = (
			);
			outputPaths = (
			);
			runOnlyForDeploymentPostprocessing = 0;
			shellPath = /bin/sh;
			shellScript = "\"${SRCROOT}/Scripts/sign-dev.sh\"\n";
		};
/* End PBXShellScriptBuildPhase section */

/* Begin PBXSourcesBuildPhase section */
		1D19ACDB4F0FC941ECCB7272 /* Sources */ = {
			isa = PBXSourcesBuildPhase;
			buildActionMask = 2147483647;
			files = (
				C7F0C420D93B12093D439722 /* BloomFieldTests.swift in Sources */,
				6902C7298B34C1DD1DFABCCF /* CleanupCardTests.swift in Sources */,
				B3289BEA17E2D156D19E8E71 /* CleanupGroupTests.swift in Sources */,
				99E2DC0FF5C29F7EFFC4F8D7 /* ColorDeepenedForWhiteTests.swift in Sources */,
				FE0C4B840D6A01A133C40A62 /* ConcurrencyPeakTracker.swift in Sources */,
				ED8B418807B92B25701D1947 /* CoreResourceBundleTests.swift in Sources */,
				99B965EE0BB2762D13896FF6 /* EmptyStateFullDiskAccessTests.swift in Sources */,
				FE156E2CD69BA8F894E9078D /* FloatingScanButtonTests.swift in Sources */,
				250889E632F3F3F6E0C37E2B /* LargeOldFilesSummaryTests.swift in Sources */,
				C789001CAAACBF6DE4388751 /* ManagerContentTokenTests.swift in Sources */,
				70010C6EFD37532FC548F632 /* ManagerPresentationHostTests.swift in Sources */,
				B099D858DA5FA94630094FFC /* MyClutterThumbnailStripItemTests.swift in Sources */,
				8B988F3F94B085674B032A7B /* MyClutterTileKindTests.swift in Sources */,
				BCFA47EF8B1FBC4B3A67E4B5 /* NavigationSectionTests.swift in Sources */,
				2A46AEBD95B9E1561264D0F0 /* NotificationManagerTests.swift in Sources */,
				42A3B1422BEFF1E49B5EBDCE /* RailCollapseTests.swift in Sources */,
				3D65654B589EFF2972927ED7 /* ScanAccessPopoverTests.swift in Sources */,
				E77456FD775F682539451AFA /* ScanProgressIndicatorTests.swift in Sources */,
				A984D7D055DE9296AFE8DF4D /* SectionIntroViewTests.swift in Sources */,
				1275DA924536C11023DB360E /* SectionPresentationTests.swift in Sources */,
				97A28C7C9FE9B3549C73781B /* SmartInsightsPromptTests.swift in Sources */,
				2496AA7652731EB00265601A /* SmartScanReviewManagerSelectionTests.swift in Sources */,
				22ABAB2520C6640036561DEC /* SmartScanSettingsStoreTests.swift in Sources */,
				40BB821EAD9CD6628F9B0069 /* SpaceLensHoverCardTests.swift in Sources */,
				1017364677836D697B5087F9 /* SpaceLensProtectionMessageTests.swift in Sources */,
				C464A6325670F4E951556D9F /* TestBox.swift in Sources */,
				166C31BB1CB79D04291633F1 /* TestHelpers.swift in Sources */,
				1EFC3005FB3738519FCB871C /* TriggerAnchorTests.swift in Sources */,
			);
			runOnlyForDeploymentPostprocessing = 0;
		};
		5333905ACD090ACD8006BF40 /* Sources */ = {
			isa = PBXSourcesBuildPhase;
			buildActionMask = 2147483647;
			files = (
				26B55DC23102EFE8F1D086FD /* DocumentVersionsStoreScan.swift in Sources */,
				7AA8E6E6FEE2767FD3C9AA20 /* HelperDeletionPolicy.swift in Sources */,
				5FCAAC81ED67F40178636235 /* HelperProtocol.swift in Sources */,
				37E2425A63454881A4FA4481 /* main.swift in Sources */,
			);
			runOnlyForDeploymentPostprocessing = 0;
		};
		80689D55D303D3D1C6EF09E8 /* Sources */ = {
			isa = PBXSourcesBuildPhase;
			buildActionMask = 2147483647;
			files = (
				0849175D7723A3D6B17FACF1 /* ApplicationsUITests.swift in Sources */,
				1C8625B436085E36B99B5342 /* FinalPolishUITests.swift in Sources */,
				8E9CD7B8A9AEC89BF97B071A /* HomebrewManagerUITests.swift in Sources */,
				82DB89EC1E0EAFD90FB6018D /* MalwareUITests.swift in Sources */,
				CEBC297EB683F3AAE3EA841E /* PerformanceUITests.swift in Sources */,
				0839BF8CC096B1771BFF313C /* ScanningPreferencesUITests.swift in Sources */,
				2D5B0C45DB5F5EA679AF4131 /* SmartScanUITests.swift in Sources */,
				26F0CFE53A3BAD72AFF2BB30 /* SpaceLensUITests.swift in Sources */,
				E2B25912B9BA5745454E137F /* SystemJunkUITests.swift in Sources */,
				28B2F4C32E608BD283DB2DE5 /* VaderCleanerUITests.swift in Sources */,
				9B2048864AFBE75F4B514CA6 /* WelcomeUITests.swift in Sources */,
			);
			runOnlyForDeploymentPostprocessing = 0;
		};
		D61896638874031150B1DBA3 /* Sources */ = {
			isa = PBXSourcesBuildPhase;
			buildActionMask = 2147483647;
			files = (
				D96306C95D6F2DF780F02A5F /* AppUninstallerViewSubviews.swift in Sources */,
				9686BE4A7CD0C6399070CC1B /* ApplicationsDashboardSubviews.swift in Sources */,
				C26C424E66250E67027467C6 /* ApplicationsExtensionsPane.swift in Sources */,
				4B5C68C04762DC951A0F4010 /* ApplicationsLeftoversPane.swift in Sources */,
				CBCA57EE89CD4F664B25E63A /* ApplicationsManagerChrome.swift in Sources */,
				2FDD22EAC3092664A7E78857 /* ApplicationsManagerView.swift in Sources */,
				7E4C55ABDF8615724A16C07D /* ApplicationsUninstallerPane.swift in Sources */,
				0DF8F5CFD3DE49CD95EA6541 /* ApplicationsUnsupportedPane.swift in Sources */,
				9E90FCAEFAAFBD628EBF9034 /* ApplicationsUpdaterPane.swift in Sources */,
				AF573F2D6363CF0CDA72E5A4 /* ApplicationsView.swift in Sources */,
				320BDF4C18108301633BEF67 /* BloomField.swift in Sources */,
				6DB4DEBBE3DABA52AEBD5E47 /* CarePlanFeedView.swift in Sources */,
				BCC7516614BE2B0A38630F1D /* CareScanChecklistView.swift in Sources */,
				3A8A0ADAF5D89FD0223A9972 /* ContentView.swift in Sources */,
				4453CD1C9BEA6DFD3C62E054 /* FloatingRunOverlay.swift in Sources */,
				EE62512542BF54B5D6ADFA9D /* FloatingScanButton.swift in Sources */,
				2A194198E5DDD324E97D99B2 /* FloatingScanOverlay.swift in Sources */,
				EC99895496A545FE0F9A9222 /* FullDiskAccessPromptCard.swift in Sources */,
				92BA2AB6A76731911DB04EF2 /* HealthMonitorView.swift in Sources */,
				D0749DA68E050DE56A76AF57 /* HomebrewFacetContent.swift in Sources */,
				483CE4B8CB180C13FC0934A6 /* LargeOldFilesViewSubviews.swift in Sources */,
				E5548C91729D71FDA8D8ADC8 /* MalwareOnboardingView.swift in Sources */,
				390C48318F77FFB4378A7CBF /* MalwareViewSubviews.swift in Sources */,
				0E8642014D5CCD4A995238C9 /* ManagerChrome.swift in Sources */,
				E1C1836BF10F1ED0E0B23E95 /* ManagerItemTable.swift in Sources */,
				6D1B9E2FCA2F9BB29572CA3D /* ManagerPresentationHost.swift in Sources */,
				BA3D489D48265F806CC468A2 /* MenuBarContent.swift in Sources */,
				B5D6C5F92021CF4CB7613F12 /* MyClutterDashboardView.swift in Sources */,
				62008FB47BE4AAA0214310C4 /* MyClutterFolderPicker.swift in Sources */,
				B810AA29ADEFD684916D89A8 /* MyClutterManagerView.swift in Sources */,
				BACC269ED04FA26D7003F449 /* MyClutterThumbnailStripItem.swift in Sources */,
				5505910EB98B1A0B51410171 /* MyClutterView.swift in Sources */,
				5325F2401AF35C69086E2056 /* NavigationRailView.swift in Sources */,
				162D663EBCC70A0702F4304A /* PerformanceDashboardSubviews.swift in Sources */,
				F94ECD82ABC16F6465EEDA6C /* PerformanceView.swift in Sources */,
				2F51A4899ADB02926013032A /* PerformanceViewSubviews.swift in Sources */,
				832F1B34810FF292EAF9A810 /* PermissionOnboardingView.swift in Sources */,
				CF68F2891382E3F3D4CA5474 /* PreferencesView.swift in Sources */,
				516A5B2D445E5E62807A8E2A /* ProtectionDashboardSubviews.swift in Sources */,
				00AB02C5DDD417AF1CED4DD9 /* ProtectionDashboardView.swift in Sources */,
				C92E74A78ED42228B081950D /* ProtectionManagerView.swift in Sources */,
				60575BCA4F77B77577F8B504 /* ReassuranceCard.swift in Sources */,
				271BD5884779B4C5AC49DA0F /* RunConfirmationSheet.swift in Sources */,
				45FB850A603BCEE6C2B1CFF6 /* ScanAccessPopover.swift in Sources */,
				67B6E2F0F779AF28BBBA00C1 /* ScanDiscHostView.swift in Sources */,
				BA47B242AAAE6EAD08CC7D23 /* ScanDiscWindowController.swift in Sources */,
				DE57DC92B2179CB856E0D558 /* ScanProgressIndicator.swift in Sources */,
				80111FB2EC8ED204B993FC21 /* ScannableSectionContent.swift in Sources */,
				9D44F12D7502363B814F2DF9 /* SectionIntroView.swift in Sources */,
				0E5975C5BC814BB842C75F4F /* SettingsExclusionsTab.swift in Sources */,
				96DC5DD3D2F236BFF55509D2 /* SettingsGeneralTab.swift in Sources */,
				562E452A310BD35A108CEE0B /* SettingsMenuBarTab.swift in Sources */,
				58400B564E815777CAE52CB4 /* SettingsNotificationsTab.swift in Sources */,
				4A76928E3CC7A259402C5620 /* SettingsProtectionTab.swift in Sources */,
				9F5A82C7A9A96EFE1CF17784 /* SettingsScanningTab.swift in Sources */,
				FAAA0FC0769A8C5B215033BF /* SmartInsights.swift in Sources */,
				6EF22E5516F91C461FBBB850 /* SmartScanApplicationsReview.swift in Sources */,
				5D0DFB581DD0D0C3563E425C /* SmartScanBackgroundItemsReview.swift in Sources */,
				BDFC9EFCA14473CC1DBC0BF3 /* SmartScanBrowserPrivacyReview.swift in Sources */,
				B407103664900660268A501A /* SmartScanDownloadsReview.swift in Sources */,
				9A5A26BE604E43926DF9E992 /* SmartScanExtensionsReview.swift in Sources */,
				6F6EFC9A679797A1E17BF45D /* SmartScanInstallersReview.swift in Sources */,
				472FECDAABC513309987AA5E /* SmartScanJunkReview.swift in Sources */,
				198FBECB2DD8BD195FB9B12A /* SmartScanLargeOldReview.swift in Sources */,
				0928209CC214A2C6FB1C6623 /* SmartScanLeftoversReview.swift in Sources */,
				6DAE56CA8044DF598F65C06E /* SmartScanMaintenanceReview.swift in Sources */,
				3551B102B5ADE80553AA1A4F /* SmartScanMalwareReview.swift in Sources */,
				BEFCD2F309C985449A2901F5 /* SmartScanMyClutterReview.swift in Sources */,
				CFF959AB010953129DB8B8D0 /* SmartScanPerformanceReview.swift in Sources */,
				17EC5A02C885E96D7115CFC3 /* SmartScanReviewManager.swift in Sources */,
				B0562EB82C5FCF63A1F585E0 /* SmartScanSimilarImagesReview.swift in Sources */,
				61C66E58D4DCA2759E35FAC3 /* SmartScanStatusStates.swift in Sources */,
				598EAA9908722A29791B1E3E /* SmartScanUnsupportedAppsReview.swift in Sources */,
				B4AD90301796B37E91C6EC0C /* SmartScanUnusedAppsReview.swift in Sources */,
				FFA343C50E64EF6C36B01D3C /* SmartScanView.swift in Sources */,
				E575F22107FEE2D723F7787D /* SpaceLensBottomBar.swift in Sources */,
				C4412F1E74ADFE53633DA41A /* SpaceLensBubbleView.swift in Sources */,
				97F42752FD75E7F3E6CAF219 /* SpaceLensHoverCard.swift in Sources */,
				531F2D5021B6E412A27E9C73 /* SpaceLensListPanel.swift in Sources */,
				04327D324A0E8B4DA1AA55AA /* SpaceLensReviewSheet.swift in Sources */,
				024AB33FD8CD602332568895 /* SpaceLensView.swift in Sources */,
				D478ECC4A65EA341DD21CCB7 /* SpaceLensVolumePicker.swift in Sources */,
				3953FD2FDE6C5D300EE97BED /* SystemJunkDashboardSubviews.swift in Sources */,
				B2DD51B5035C90CF963595C5 /* SystemJunkView.swift in Sources */,
				E593DA64025CAC2160110497 /* TriggerAnchor.swift in Sources */,
				BD7CE0EE2AA543E528587A90 /* VaderCleanerApp.swift in Sources */,
				A2B88722EF3A609E7898FE48 /* VaderTheme.swift in Sources */,
				B189206CD9318968B0D685B6 /* WebDevScanFolderPicker.swift in Sources */,
				332A8933EDF5318FCE6CC7D2 /* WelcomeView.swift in Sources */,
				9AD89DF45506BE024B9A6670 /* WelcomeViewSubviews.swift in Sources */,
				C25D4D4F9A47A82CFA3B8810 /* WindowAccessor.swift in Sources */,
			);
			runOnlyForDeploymentPostprocessing = 0;
		};
/* End PBXSourcesBuildPhase section */

/* Begin PBXTargetDependency section */
		376E449B0F2AEF89DAD36B7B /* PBXTargetDependency */ = {
			isa = PBXTargetDependency;
			target = AECD709401424A144DA3AD4A /* VaderCleaner */;
			targetProxy = 40614C90BC864D6EFE0CAD70 /* PBXContainerItemProxy */;
		};
		955C7BB0D0D8AE0760AC2A38 /* PBXTargetDependency */ = {
			isa = PBXTargetDependency;
			target = AECD709401424A144DA3AD4A /* VaderCleaner */;
			targetProxy = 0683C464BA2137467C82DDBC /* PBXContainerItemProxy */;
		};
		B37CDC7CA9115D69ECBEB87A /* PBXTargetDependency */ = {
			isa = PBXTargetDependency;
			target = 8309E530B1256636F6042A29 /* VaderCleanerHelper */;
			targetProxy = 242A80A83F3590265AF0A5EF /* PBXContainerItemProxy */;
		};
/* End PBXTargetDependency section */

/* Begin PBXVariantGroup section */
		329FBD86F55918272AF0EF2A /* Localizable.stringsdict */ = {
			isa = PBXVariantGroup;
			children = (
				CAC2037BDF5D632418393BD9 /* en */,
			);
			name = Localizable.stringsdict;
			sourceTree = "<group>";
		};
		46466A1909A880757A7C4B31 /* Localizable.strings */ = {
			isa = PBXVariantGroup;
			children = (
				1A06928276134E79D8ADFBF5 /* en */,
			);
			name = Localizable.strings;
			sourceTree = "<group>";
		};
/* End PBXVariantGroup section */

/* Begin XCBuildConfiguration section */
		51425CAC809B193AD03D32F5 /* Debug */ = {
			isa = XCBuildConfiguration;
			buildSettings = {
				COMBINE_HIDPI_IMAGES = YES;
				CREATE_INFOPLIST_SECTION_IN_BINARY = YES;
				GENERATE_INFOPLIST_FILE = YES;
				LD_RUNPATH_SEARCH_PATHS = (
					"$(inherited)",
					"@executable_path/../Frameworks",
				);
				PRODUCT_BUNDLE_IDENTIFIER = com.personal.VaderCleaner.helper;
				PRODUCT_NAME = VaderCleanerHelper;
				SDKROOT = macosx;
				SKIP_INSTALL = YES;
			};
			name = Debug;
		};
		5584075A50B9DEF7209693DD /* Debug */ = {
			isa = XCBuildConfiguration;
			buildSettings = {
				ASSETCATALOG_COMPILER_APPICON_NAME = AppIcon;
				CODE_SIGN_ENTITLEMENTS = VaderCleaner/VaderCleaner.entitlements;
				COMBINE_HIDPI_IMAGES = YES;
				ENABLE_PREVIEWS = YES;
				INFOPLIST_FILE = VaderCleaner/Info.plist;
				LD_RUNPATH_SEARCH_PATHS = (
					"$(inherited)",
					"@executable_path/../Frameworks",
				);
				PRODUCT_BUNDLE_IDENTIFIER = com.personal.VaderCleaner;
				PRODUCT_NAME = VaderCleaner;
				SDKROOT = macosx;
			};
			name = Debug;
		};
		60FA595CDDB69A370B232F6B /* Debug */ = {
			isa = XCBuildConfiguration;
			buildSettings = {
				BUNDLE_LOADER = "$(TEST_HOST)";
				COMBINE_HIDPI_IMAGES = YES;
				GENERATE_INFOPLIST_FILE = YES;
				LD_RUNPATH_SEARCH_PATHS = (
					"$(inherited)",
					"@executable_path/../Frameworks",
					"@loader_path/../Frameworks",
				);
				PRODUCT_BUNDLE_IDENTIFIER = com.personal.VaderCleanerTests;
				SDKROOT = macosx;
				TEST_HOST = "$(BUILT_PRODUCTS_DIR)/VaderCleaner.app/Contents/MacOS/VaderCleaner";
			};
			name = Debug;
		};
		6224DA61091E210391CDD9A8 /* Release */ = {
			isa = XCBuildConfiguration;
			buildSettings = {
				COMBINE_HIDPI_IMAGES = YES;
				CREATE_INFOPLIST_SECTION_IN_BINARY = YES;
				GENERATE_INFOPLIST_FILE = YES;
				LD_RUNPATH_SEARCH_PATHS = (
					"$(inherited)",
					"@executable_path/../Frameworks",
				);
				PRODUCT_BUNDLE_IDENTIFIER = com.personal.VaderCleaner.helper;
				PRODUCT_NAME = VaderCleanerHelper;
				SDKROOT = macosx;
				SKIP_INSTALL = YES;
			};
			name = Release;
		};
		6FC5B4C07B6F4D2470E81C20 /* Debug */ = {
			isa = XCBuildConfiguration;
			baseConfigurationReference = 5772376A5146EC549943FFDE /* Signing.xcconfig */;
			buildSettings = {
				ALWAYS_SEARCH_USER_PATHS = NO;
				CLANG_ANALYZER_NONNULL = YES;
				CLANG_ANALYZER_NUMBER_OBJECT_CONVERSION = YES_AGGRESSIVE;
				CLANG_CXX_LANGUAGE_STANDARD = "gnu++14";
				CLANG_CXX_LIBRARY = "libc++";
				CLANG_ENABLE_MODULES = YES;
				CLANG_ENABLE_OBJC_ARC = YES;
				CLANG_ENABLE_OBJC_WEAK = YES;
				CLANG_WARN_BLOCK_CAPTURE_AUTORELEASING = YES;
				CLANG_WARN_BOOL_CONVERSION = YES;
				CLANG_WARN_COMMA = YES;
				CLANG_WARN_CONSTANT_CONVERSION = YES;
				CLANG_WARN_DEPRECATED_OBJC_IMPLEMENTATIONS = YES;
				CLANG_WARN_DIRECT_OBJC_ISA_USAGE = YES_ERROR;
				CLANG_WARN_DOCUMENTATION_COMMENTS = YES;
				CLANG_WARN_EMPTY_BODY = YES;
				CLANG_WARN_ENUM_CONVERSION = YES;
				CLANG_WARN_INFINITE_RECURSION = YES;
				CLANG_WARN_INT_CONVERSION = YES;
				CLANG_WARN_NON_LITERAL_NULL_CONVERSION = YES;
				CLANG_WARN_OBJC_IMPLICIT_RETAIN_SELF = YES;
				CLANG_WARN_OBJC_LITERAL_CONVERSION = YES;
				CLANG_WARN_OBJC_ROOT_CLASS = YES_ERROR;
				CLANG_WARN_QUOTED_INCLUDE_IN_FRAMEWORK_HEADER = YES;
				CLANG_WARN_RANGE_LOOP_ANALYSIS = YES;
				CLANG_WARN_STRICT_PROTOTYPES = YES;
				CLANG_WARN_SUSPICIOUS_MOVE = YES;
				CLANG_WARN_UNGUARDED_AVAILABILITY = YES_AGGRESSIVE;
				CLANG_WARN_UNREACHABLE_CODE = YES;
				CLANG_WARN__DUPLICATE_METHOD_MATCH = YES;
				COPY_PHASE_STRIP = NO;
				DEBUG_INFORMATION_FORMAT = dwarf;
				ENABLE_HARDENED_RUNTIME = NO;
				ENABLE_STRICT_OBJC_MSGSEND = YES;
				ENABLE_TESTABILITY = YES;
				ENABLE_USER_SCRIPT_SANDBOXING = NO;
				GCC_C_LANGUAGE_STANDARD = gnu11;
				GCC_DYNAMIC_NO_PIC = NO;
				GCC_NO_COMMON_BLOCKS = YES;
				GCC_OPTIMIZATION_LEVEL = 0;
				GCC_PREPROCESSOR_DEFINITIONS = (
					"$(inherited)",
					"DEBUG=1",
				);
				GCC_WARN_64_TO_32_BIT_CONVERSION = YES;
				GCC_WARN_ABOUT_RETURN_TYPE = YES_ERROR;
				GCC_WARN_UNDECLARED_SELECTOR = YES;
				GCC_WARN_UNINITIALIZED_AUTOS = YES_AGGRESSIVE;
				GCC_WARN_UNUSED_FUNCTION = YES;
				GCC_WARN_UNUSED_VARIABLE = YES;
				MACOSX_DEPLOYMENT_TARGET = 26.0;
				MTL_ENABLE_DEBUG_INFO = INCLUDE_SOURCE;
				MTL_FAST_MATH = YES;
				ONLY_ACTIVE_ARCH = YES;
				PRODUCT_NAME = "$(TARGET_NAME)";
				SDKROOT = macosx;
				SWIFT_ACTIVE_COMPILATION_CONDITIONS = DEBUG;
				SWIFT_OPTIMIZATION_LEVEL = "-Onone";
				SWIFT_VERSION = 6.0;
			};
			name = Debug;
		};
		7AC507F3249F5A68448657EF /* Release */ = {
			isa = XCBuildConfiguration;
			baseConfigurationReference = 5772376A5146EC549943FFDE /* Signing.xcconfig */;
			buildSettings = {
				ALWAYS_SEARCH_USER_PATHS = NO;
				CLANG_ANALYZER_NONNULL = YES;
				CLANG_ANALYZER_NUMBER_OBJECT_CONVERSION = YES_AGGRESSIVE;
				CLANG_CXX_LANGUAGE_STANDARD = "gnu++14";
				CLANG_CXX_LIBRARY = "libc++";
				CLANG_ENABLE_MODULES = YES;
				CLANG_ENABLE_OBJC_ARC = YES;
				CLANG_ENABLE_OBJC_WEAK = YES;
				CLANG_WARN_BLOCK_CAPTURE_AUTORELEASING = YES;
				CLANG_WARN_BOOL_CONVERSION = YES;
				CLANG_WARN_COMMA = YES;
				CLANG_WARN_CONSTANT_CONVERSION = YES;
				CLANG_WARN_DEPRECATED_OBJC_IMPLEMENTATIONS = YES;
				CLANG_WARN_DIRECT_OBJC_ISA_USAGE = YES_ERROR;
				CLANG_WARN_DOCUMENTATION_COMMENTS = YES;
				CLANG_WARN_EMPTY_BODY = YES;
				CLANG_WARN_ENUM_CONVERSION = YES;
				CLANG_WARN_INFINITE_RECURSION = YES;
				CLANG_WARN_INT_CONVERSION = YES;
				CLANG_WARN_NON_LITERAL_NULL_CONVERSION = YES;
				CLANG_WARN_OBJC_IMPLICIT_RETAIN_SELF = YES;
				CLANG_WARN_OBJC_LITERAL_CONVERSION = YES;
				CLANG_WARN_OBJC_ROOT_CLASS = YES_ERROR;
				CLANG_WARN_QUOTED_INCLUDE_IN_FRAMEWORK_HEADER = YES;
				CLANG_WARN_RANGE_LOOP_ANALYSIS = YES;
				CLANG_WARN_STRICT_PROTOTYPES = YES;
				CLANG_WARN_SUSPICIOUS_MOVE = YES;
				CLANG_WARN_UNGUARDED_AVAILABILITY = YES_AGGRESSIVE;
				CLANG_WARN_UNREACHABLE_CODE = YES;
				CLANG_WARN__DUPLICATE_METHOD_MATCH = YES;
				COPY_PHASE_STRIP = NO;
				DEBUG_INFORMATION_FORMAT = "dwarf-with-dsym";
				ENABLE_HARDENED_RUNTIME = NO;
				ENABLE_NS_ASSERTIONS = NO;
				ENABLE_STRICT_OBJC_MSGSEND = YES;
				ENABLE_USER_SCRIPT_SANDBOXING = NO;
				GCC_C_LANGUAGE_STANDARD = gnu11;
				GCC_NO_COMMON_BLOCKS = YES;
				GCC_WARN_64_TO_32_BIT_CONVERSION = YES;
				GCC_WARN_ABOUT_RETURN_TYPE = YES_ERROR;
				GCC_WARN_UNDECLARED_SELECTOR = YES;
				GCC_WARN_UNINITIALIZED_AUTOS = YES_AGGRESSIVE;
				GCC_WARN_UNUSED_FUNCTION = YES;
				GCC_WARN_UNUSED_VARIABLE = YES;
				MACOSX_DEPLOYMENT_TARGET = 26.0;
				MTL_ENABLE_DEBUG_INFO = NO;
				MTL_FAST_MATH = YES;
				PRODUCT_NAME = "$(TARGET_NAME)";
				SDKROOT = macosx;
				SWIFT_COMPILATION_MODE = wholemodule;
				SWIFT_OPTIMIZATION_LEVEL = "-O";
				SWIFT_VERSION = 6.0;
			};
			name = Release;
		};
		9253BC8794F8CD7CD4449C6F /* Release */ = {
			isa = XCBuildConfiguration;
			buildSettings = {
				ASSETCATALOG_COMPILER_APPICON_NAME = AppIcon;
				CODE_SIGN_ENTITLEMENTS = VaderCleaner/VaderCleaner.entitlements;
				COMBINE_HIDPI_IMAGES = YES;
				ENABLE_PREVIEWS = YES;
				INFOPLIST_FILE = VaderCleaner/Info.plist;
				LD_RUNPATH_SEARCH_PATHS = (
					"$(inherited)",
					"@executable_path/../Frameworks",
				);
				PRODUCT_BUNDLE_IDENTIFIER = com.personal.VaderCleaner;
				PRODUCT_NAME = VaderCleaner;
				SDKROOT = macosx;
			};
			name = Release;
		};
		95DD4A7BB66694DB95F561AC /* Release */ = {
			isa = XCBuildConfiguration;
			buildSettings = {
				BUNDLE_LOADER = "$(TEST_HOST)";
				COMBINE_HIDPI_IMAGES = YES;
				GENERATE_INFOPLIST_FILE = YES;
				LD_RUNPATH_SEARCH_PATHS = (
					"$(inherited)",
					"@executable_path/Frameworks",
					"@loader_path/Frameworks",
				);
				PRODUCT_BUNDLE_IDENTIFIER = com.personal.VaderCleanerUITests;
				SDKROOT = macosx;
				TEST_TARGET_NAME = VaderCleaner;
			};
			name = Release;
		};
		99E91844A249B4C876EF29AE /* Release */ = {
			isa = XCBuildConfiguration;
			buildSettings = {
				BUNDLE_LOADER = "$(TEST_HOST)";
				COMBINE_HIDPI_IMAGES = YES;
				GENERATE_INFOPLIST_FILE = YES;
				LD_RUNPATH_SEARCH_PATHS = (
					"$(inherited)",
					"@executable_path/../Frameworks",
					"@loader_path/../Frameworks",
				);
				PRODUCT_BUNDLE_IDENTIFIER = com.personal.VaderCleanerTests;
				SDKROOT = macosx;
				TEST_HOST = "$(BUILT_PRODUCTS_DIR)/VaderCleaner.app/Contents/MacOS/VaderCleaner";
			};
			name = Release;
		};
		E5EE1DBD6032C008C459E697 /* Debug */ = {
			isa = XCBuildConfiguration;
			buildSettings = {
				BUNDLE_LOADER = "$(TEST_HOST)";
				COMBINE_HIDPI_IMAGES = YES;
				GENERATE_INFOPLIST_FILE = YES;
				LD_RUNPATH_SEARCH_PATHS = (
					"$(inherited)",
					"@executable_path/Frameworks",
					"@loader_path/Frameworks",
				);
				PRODUCT_BUNDLE_IDENTIFIER = com.personal.VaderCleanerUITests;
				SDKROOT = macosx;
				TEST_TARGET_NAME = VaderCleaner;
			};
			name = Debug;
		};
/* End XCBuildConfiguration section */

/* Begin XCConfigurationList section */
		64AE4C834EFE823D9DBFB766 /* Build configuration list for PBXProject "VaderCleaner" */ = {
			isa = XCConfigurationList;
			buildConfigurations = (
				6FC5B4C07B6F4D2470E81C20 /* Debug */,
				7AC507F3249F5A68448657EF /* Release */,
			);
			defaultConfigurationIsVisible = 0;
			defaultConfigurationName = Debug;
		};
		76201AA3F7629053AC19150D /* Build configuration list for PBXNativeTarget "VaderCleaner" */ = {
			isa = XCConfigurationList;
			buildConfigurations = (
				5584075A50B9DEF7209693DD /* Debug */,
				9253BC8794F8CD7CD4449C6F /* Release */,
			);
			defaultConfigurationIsVisible = 0;
			defaultConfigurationName = Debug;
		};
		986C116CB7F1A76E60646796 /* Build configuration list for PBXNativeTarget "VaderCleanerHelper" */ = {
			isa = XCConfigurationList;
			buildConfigurations = (
				51425CAC809B193AD03D32F5 /* Debug */,
				6224DA61091E210391CDD9A8 /* Release */,
			);
			defaultConfigurationIsVisible = 0;
			defaultConfigurationName = Debug;
		};
		A9DEFDFEABB1762DA2F7B215 /* Build configuration list for PBXNativeTarget "VaderCleanerUITests" */ = {
			isa = XCConfigurationList;
			buildConfigurations = (
				E5EE1DBD6032C008C459E697 /* Debug */,
				95DD4A7BB66694DB95F561AC /* Release */,
			);
			defaultConfigurationIsVisible = 0;
			defaultConfigurationName = Debug;
		};
		C343E76143E57ED7E7E25F0B /* Build configuration list for PBXNativeTarget "VaderCleanerTests" */ = {
			isa = XCConfigurationList;
			buildConfigurations = (
				60FA595CDDB69A370B232F6B /* Debug */,
				99E91844A249B4C876EF29AE /* Release */,
			);
			defaultConfigurationIsVisible = 0;
			defaultConfigurationName = Debug;
		};
/* End XCConfigurationList section */

/* Begin XCLocalSwiftPackageReference section */
		2D36976A501816C6B3FCFA71 /* XCLocalSwiftPackageReference "VaderCleanerCore" */ = {
			isa = XCLocalSwiftPackageReference;
			relativePath = VaderCleanerCore;
		};
/* End XCLocalSwiftPackageReference section */

/* Begin XCSwiftPackageProductDependency section */
		F3E6A6BBFAEB6941454F6104 /* VaderCleanerCore */ = {
			isa = XCSwiftPackageProductDependency;
			productName = VaderCleanerCore;
		};
/* End XCSwiftPackageProductDependency section */
	};
	rootObject = FF89C8EE707F5C8806198E6E /* Project object */;
}
