// !$*UTF8*$!
{
	archiveVersion = 1;
	classes = {
	};
	objectVersion = 77;
	objects = {

/* Begin PBXBuildFile section */
		109F26F16AF9EF6EA786DA0A /* TestHelpersTests.swift in Sources */ = {isa = PBXBuildFile; fileRef = 46A5D22AFD4CA9BC39AB7225 /* TestHelpersTests.swift */; };
		28B2F4C32E608BD283DB2DE5 /* VaderCleanerUITests.swift in Sources */ = {isa = PBXBuildFile; fileRef = 6BD871C2C2002760DD923686 /* VaderCleanerUITests.swift */; };
		3A8A0ADAF5D89FD0223A9972 /* ContentView.swift in Sources */ = {isa = PBXBuildFile; fileRef = C5BE6E53E0A4ABB39A7B8B0C /* ContentView.swift */; };
		BD7CE0EE2AA543E528587A90 /* VaderCleanerApp.swift in Sources */ = {isa = PBXBuildFile; fileRef = A25BE525CD287D91EE80A6CF /* VaderCleanerApp.swift */; };
		C2542EE3974C2F9232EE74D1 /* Assets.xcassets in Resources */ = {isa = PBXBuildFile; fileRef = 5E978BB01AD677AEDE122B1C /* Assets.xcassets */; };
		C26E98922A61A57DB9369C60 /* TestHelpers.swift in Sources */ = {isa = PBXBuildFile; fileRef = B2E92F45C5CC0EEA00B12EF5 /* TestHelpers.swift */; };
/* End PBXBuildFile section */

/* Begin PBXContainerItemProxy section */
		0683C464BA2137467C82DDBC /* PBXContainerItemProxy */ = {
			isa = PBXContainerItemProxy;
			containerPortal = FF89C8EE707F5C8806198E6E /* Project object */;
			proxyType = 1;
			remoteGlobalIDString = AECD709401424A144DA3AD4A;
			remoteInfo = VaderCleaner;
		};
		40614C90BC864D6EFE0CAD70 /* PBXContainerItemProxy */ = {
			isa = PBXContainerItemProxy;
			containerPortal = FF89C8EE707F5C8806198E6E /* Project object */;
			proxyType = 1;
			remoteGlobalIDString = AECD709401424A144DA3AD4A;
			remoteInfo = VaderCleaner;
		};
/* End PBXContainerItemProxy section */

/* Begin PBXFileReference section */
		46A5D22AFD4CA9BC39AB7225 /* TestHelpersTests.swift */ = {isa = PBXFileReference; lastKnownFileType = sourcecode.swift; path = TestHelpersTests.swift; sourceTree = "<group>"; };
		5163E14892EAA1E30C3EFFE5 /* VaderCleanerTests.xctest */ = {isa = PBXFileReference; explicitFileType = wrapper.cfbundle; includeInIndex = 0; path = VaderCleanerTests.xctest; sourceTree = BUILT_PRODUCTS_DIR; };
		5E978BB01AD677AEDE122B1C /* Assets.xcassets */ = {isa = PBXFileReference; lastKnownFileType = folder.assetcatalog; path = Assets.xcassets; sourceTree = "<group>"; };
		6BD871C2C2002760DD923686 /* VaderCleanerUITests.swift */ = {isa = PBXFileReference; lastKnownFileType = sourcecode.swift; path = VaderCleanerUITests.swift; sourceTree = "<group>"; };
		8A0F635D79B943130BAB15AE /* VaderCleaner.app */ = {isa = PBXFileReference; explicitFileType = wrapper.application; includeInIndex = 0; path = VaderCleaner.app; sourceTree = BUILT_PRODUCTS_DIR; };
		91C01D5C9DD349049220AFB2 /* VaderCleanerUITests.xctest */ = {isa = PBXFileReference; explicitFileType = wrapper.cfbundle; includeInIndex = 0; path = VaderCleanerUITests.xctest; sourceTree = BUILT_PRODUCTS_DIR; };
		98D7B18095634307C5D7223D /* Info.plist */ = {isa = PBXFileReference; lastKnownFileType = text.plist; path = Info.plist; sourceTree = "<group>"; };
		A25BE525CD287D91EE80A6CF /* VaderCleanerApp.swift */ = {isa = PBXFileReference; lastKnownFileType = sourcecode.swift; path = VaderCleanerApp.swift; sourceTree = "<group>"; };
		B2E92F45C5CC0EEA00B12EF5 /* TestHelpers.swift */ = {isa = PBXFileReference; lastKnownFileType = sourcecode.swift; path = TestHelpers.swift; sourceTree = "<group>"; };
		C5BE6E53E0A4ABB39A7B8B0C /* ContentView.swift */ = {isa = PBXFileReference; lastKnownFileType = sourcecode.swift; path = ContentView.swift; sourceTree = "<group>"; };
		FA2CB51CBEC832FDDDFB7D89 /* VaderCleaner.entitlements */ = {isa = PBXFileReference; lastKnownFileType = text.plist.entitlements; path = VaderCleaner.entitlements; sourceTree = "<group>"; };
/* End PBXFileReference section */

/* Begin PBXGroup section */
		4410A08332E8C4390F9247CA /* Products */ = {
			isa = PBXGroup;
			children = (
				8A0F635D79B943130BAB15AE /* VaderCleaner.app */,
				5163E14892EAA1E30C3EFFE5 /* VaderCleanerTests.xctest */,
				91C01D5C9DD349049220AFB2 /* VaderCleanerUITests.xctest */,
			);
			name = Products;
			sourceTree = "<group>";
		};
		60EC9332AD3B6CA565B9AB47 = {
			isa = PBXGroup;
			children = (
				82214E451FF2D64A74A4B196 /* VaderCleaner */,
				E90D4526947C1F261F963425 /* VaderCleanerTests */,
				6A2D96C9C63AD506553F0BE0 /* VaderCleanerUITests */,
				4410A08332E8C4390F9247CA /* Products */,
			);
			sourceTree = "<group>";
		};
		6A2D96C9C63AD506553F0BE0 /* VaderCleanerUITests */ = {
			isa = PBXGroup;
			children = (
				6BD871C2C2002760DD923686 /* VaderCleanerUITests.swift */,
			);
			path = VaderCleanerUITests;
			sourceTree = "<group>";
		};
		82214E451FF2D64A74A4B196 /* VaderCleaner */ = {
			isa = PBXGroup;
			children = (
				5E978BB01AD677AEDE122B1C /* Assets.xcassets */,
				C5BE6E53E0A4ABB39A7B8B0C /* ContentView.swift */,
				98D7B18095634307C5D7223D /* Info.plist */,
				FA2CB51CBEC832FDDDFB7D89 /* VaderCleaner.entitlements */,
				A25BE525CD287D91EE80A6CF /* VaderCleanerApp.swift */,
			);
			path = VaderCleaner;
			sourceTree = "<group>";
		};
		E149BD1FE4E65D6589292B84 /* Helpers */ = {
			isa = PBXGroup;
			children = (
				B2E92F45C5CC0EEA00B12EF5 /* TestHelpers.swift */,
			);
			path = Helpers;
			sourceTree = "<group>";
		};
		E90D4526947C1F261F963425 /* VaderCleanerTests */ = {
			isa = PBXGroup;
			children = (
				46A5D22AFD4CA9BC39AB7225 /* TestHelpersTests.swift */,
				E149BD1FE4E65D6589292B84 /* Helpers */,
			);
			path = VaderCleanerTests;
			sourceTree = "<group>";
		};
/* End PBXGroup section */

/* Begin PBXNativeTarget section */
		0A2954465B4713F8951601A1 /* VaderCleanerTests */ = {
			isa = PBXNativeTarget;
			buildConfigurationList = C343E76143E57ED7E7E25F0B /* Build configuration list for PBXNativeTarget "VaderCleanerTests" */;
			buildPhases = (
				1D19ACDB4F0FC941ECCB7272 /* Sources */,
			);
			buildRules = (
			);
			dependencies = (
				955C7BB0D0D8AE0760AC2A38 /* PBXTargetDependency */,
			);
			name = VaderCleanerTests;
			packageProductDependencies = (
			);
			productName = VaderCleanerTests;
			productReference = 5163E14892EAA1E30C3EFFE5 /* VaderCleanerTests.xctest */;
			productType = "com.apple.product-type.bundle.unit-test";
		};
		AECD709401424A144DA3AD4A /* VaderCleaner */ = {
			isa = PBXNativeTarget;
			buildConfigurationList = 76201AA3F7629053AC19150D /* Build configuration list for PBXNativeTarget "VaderCleaner" */;
			buildPhases = (
				D61896638874031150B1DBA3 /* Sources */,
				789DD6BBD4FECA89B890AEF3 /* Resources */,
			);
			buildRules = (
			);
			dependencies = (
			);
			name = VaderCleaner;
			packageProductDependencies = (
			);
			productName = VaderCleaner;
			productReference = 8A0F635D79B943130BAB15AE /* VaderCleaner.app */;
			productType = "com.apple.product-type.application";
		};
		F6D57048ED0E43FEADC2CFAF /* VaderCleanerUITests */ = {
			isa = PBXNativeTarget;
			buildConfigurationList = A9DEFDFEABB1762DA2F7B215 /* Build configuration list for PBXNativeTarget "VaderCleanerUITests" */;
			buildPhases = (
				80689D55D303D3D1C6EF09E8 /* Sources */,
			);
			buildRules = (
			);
			dependencies = (
				376E449B0F2AEF89DAD36B7B /* PBXTargetDependency */,
			);
			name = VaderCleanerUITests;
			packageProductDependencies = (
			);
			productName = VaderCleanerUITests;
			productReference = 91C01D5C9DD349049220AFB2 /* VaderCleanerUITests.xctest */;
			productType = "com.apple.product-type.bundle.ui-testing";
		};
/* End PBXNativeTarget section */

/* Begin PBXProject section */
		FF89C8EE707F5C8806198E6E /* Project object */ = {
			isa = PBXProject;
			attributes = {
				BuildIndependentTargetsInParallel = YES;
				LastUpgradeCheck = 1600;
				TargetAttributes = {
					0A2954465B4713F8951601A1 = {
						DevelopmentTeam = "";
						ProvisioningStyle = Automatic;
					};
					AECD709401424A144DA3AD4A = {
						DevelopmentTeam = "";
						ProvisioningStyle = Automatic;
					};
					F6D57048ED0E43FEADC2CFAF = {
						DevelopmentTeam = "";
						ProvisioningStyle = Automatic;
						TestTargetID = AECD709401424A144DA3AD4A;
					};
				};
			};
			buildConfigurationList = 64AE4C834EFE823D9DBFB766 /* Build configuration list for PBXProject "VaderCleaner" */;
			developmentRegion = en;
			hasScannedForEncodings = 0;
			knownRegions = (
				Base,
				en,
			);
			mainGroup = 60EC9332AD3B6CA565B9AB47;
			minimizedProjectReferenceProxies = 1;
			preferredProjectObjectVersion = 77;
			productRefGroup = 4410A08332E8C4390F9247CA /* Products */;
			projectDirPath = "";
			projectRoot = "";
			targets = (
				AECD709401424A144DA3AD4A /* VaderCleaner */,
				0A2954465B4713F8951601A1 /* VaderCleanerTests */,
				F6D57048ED0E43FEADC2CFAF /* VaderCleanerUITests */,
			);
		};
/* End PBXProject section */

/* Begin PBXResourcesBuildPhase section */
		789DD6BBD4FECA89B890AEF3 /* Resources */ = {
			isa = PBXResourcesBuildPhase;
			buildActionMask = 2147483647;
			files = (
				C2542EE3974C2F9232EE74D1 /* Assets.xcassets in Resources */,
			);
			runOnlyForDeploymentPostprocessing = 0;
		};
/* End PBXResourcesBuildPhase section */

/* Begin PBXSourcesBuildPhase section */
		1D19ACDB4F0FC941ECCB7272 /* Sources */ = {
			isa = PBXSourcesBuildPhase;
			buildActionMask = 2147483647;
			files = (
				C26E98922A61A57DB9369C60 /* TestHelpers.swift in Sources */,
				109F26F16AF9EF6EA786DA0A /* TestHelpersTests.swift in Sources */,
			);
			runOnlyForDeploymentPostprocessing = 0;
		};
		80689D55D303D3D1C6EF09E8 /* Sources */ = {
			isa = PBXSourcesBuildPhase;
			buildActionMask = 2147483647;
			files = (
				28B2F4C32E608BD283DB2DE5 /* VaderCleanerUITests.swift in Sources */,
			);
			runOnlyForDeploymentPostprocessing = 0;
		};
		D61896638874031150B1DBA3 /* Sources */ = {
			isa = PBXSourcesBuildPhase;
			buildActionMask = 2147483647;
			files = (
				3A8A0ADAF5D89FD0223A9972 /* ContentView.swift in Sources */,
				BD7CE0EE2AA543E528587A90 /* VaderCleanerApp.swift in Sources */,
			);
			runOnlyForDeploymentPostprocessing = 0;
		};
/* End PBXSourcesBuildPhase section */

/* Begin PBXTargetDependency section */
		376E449B0F2AEF89DAD36B7B /* PBXTargetDependency */ = {
			isa = PBXTargetDependency;
			target = AECD709401424A144DA3AD4A /* VaderCleaner */;
			targetProxy = 40614C90BC864D6EFE0CAD70 /* PBXContainerItemProxy */;
		};
		955C7BB0D0D8AE0760AC2A38 /* PBXTargetDependency */ = {
			isa = PBXTargetDependency;
			target = AECD709401424A144DA3AD4A /* VaderCleaner */;
			targetProxy = 0683C464BA2137467C82DDBC /* PBXContainerItemProxy */;
		};
/* End PBXTargetDependency section */

/* Begin XCBuildConfiguration section */
		5584075A50B9DEF7209693DD /* Debug */ = {
			isa = XCBuildConfiguration;
			buildSettings = {
				ASSETCATALOG_COMPILER_APPICON_NAME = AppIcon;
				CODE_SIGN_ENTITLEMENTS = VaderCleaner/VaderCleaner.entitlements;
				COMBINE_HIDPI_IMAGES = YES;
				ENABLE_PREVIEWS = YES;
				INFOPLIST_FILE = VaderCleaner/Info.plist;
				LD_RUNPATH_SEARCH_PATHS = (
					"$(inherited)",
					"@executable_path/../Frameworks",
				);
				PRODUCT_BUNDLE_IDENTIFIER = com.personal.VaderCleaner;
				PRODUCT_NAME = VaderCleaner;
				SDKROOT = macosx;
			};
			name = Debug;
		};
		60FA595CDDB69A370B232F6B /* Debug */ = {
			isa = XCBuildConfiguration;
			buildSettings = {
				BUNDLE_LOADER = "$(TEST_HOST)";
				COMBINE_HIDPI_IMAGES = YES;
				LD_RUNPATH_SEARCH_PATHS = (
					"$(inherited)",
					"@executable_path/../Frameworks",
					"@loader_path/../Frameworks",
				);
				PRODUCT_BUNDLE_IDENTIFIER = com.personal.VaderCleanerTests;
				SDKROOT = macosx;
				TEST_HOST = "$(BUILT_PRODUCTS_DIR)/VaderCleaner.app/Contents/MacOS/VaderCleaner";
			};
			name = Debug;
		};
		6FC5B4C07B6F4D2470E81C20 /* Debug */ = {
			isa = XCBuildConfiguration;
			buildSettings = {
				ALWAYS_SEARCH_USER_PATHS = NO;
				CLANG_ANALYZER_NONNULL = YES;
				CLANG_ANALYZER_NUMBER_OBJECT_CONVERSION = YES_AGGRESSIVE;
				CLANG_CXX_LANGUAGE_STANDARD = "gnu++14";
				CLANG_CXX_LIBRARY = "libc++";
				CLANG_ENABLE_MODULES = YES;
				CLANG_ENABLE_OBJC_ARC = YES;
				CLANG_ENABLE_OBJC_WEAK = YES;
				CLANG_WARN_BLOCK_CAPTURE_AUTORELEASING = YES;
				CLANG_WARN_BOOL_CONVERSION = YES;
				CLANG_WARN_COMMA = YES;
				CLANG_WARN_CONSTANT_CONVERSION = YES;
				CLANG_WARN_DEPRECATED_OBJC_IMPLEMENTATIONS = YES;
				CLANG_WARN_DIRECT_OBJC_ISA_USAGE = YES_ERROR;
				CLANG_WARN_DOCUMENTATION_COMMENTS = YES;
				CLANG_WARN_EMPTY_BODY = YES;
				CLANG_WARN_ENUM_CONVERSION = YES;
				CLANG_WARN_INFINITE_RECURSION = YES;
				CLANG_WARN_INT_CONVERSION = YES;
				CLANG_WARN_NON_LITERAL_NULL_CONVERSION = YES;
				CLANG_WARN_OBJC_IMPLICIT_RETAIN_SELF = YES;
				CLANG_WARN_OBJC_LITERAL_CONVERSION = YES;
				CLANG_WARN_OBJC_ROOT_CLASS = YES_ERROR;
				CLANG_WARN_QUOTED_INCLUDE_IN_FRAMEWORK_HEADER = YES;
				CLANG_WARN_RANGE_LOOP_ANALYSIS = YES;
				CLANG_WARN_STRICT_PROTOTYPES = YES;
				CLANG_WARN_SUSPICIOUS_MOVE = YES;
				CLANG_WARN_UNGUARDED_AVAILABILITY = YES_AGGRESSIVE;
				CLANG_WARN_UNREACHABLE_CODE = YES;
				CLANG_WARN__DUPLICATE_METHOD_MATCH = YES;
				CODE_SIGN_STYLE = Automatic;
				COPY_PHASE_STRIP = NO;
				DEBUG_INFORMATION_FORMAT = dwarf;
				DEVELOPMENT_TEAM = "";
				ENABLE_HARDENED_RUNTIME = YES;
				ENABLE_STRICT_OBJC_MSGSEND = YES;
				ENABLE_TESTABILITY = YES;
				GCC_C_LANGUAGE_STANDARD = gnu11;
				GCC_DYNAMIC_NO_PIC = NO;
				GCC_NO_COMMON_BLOCKS = YES;
				GCC_OPTIMIZATION_LEVEL = 0;
				GCC_PREPROCESSOR_DEFINITIONS = (
					"$(inherited)",
					"DEBUG=1",
				);
				GCC_WARN_64_TO_32_BIT_CONVERSION = YES;
				GCC_WARN_ABOUT_RETURN_TYPE = YES_ERROR;
				GCC_WARN_UNDECLARED_SELECTOR = YES;
				GCC_WARN_UNINITIALIZED_AUTOS = YES_AGGRESSIVE;
				GCC_WARN_UNUSED_FUNCTION = YES;
				GCC_WARN_UNUSED_VARIABLE = YES;
				MACOSX_DEPLOYMENT_TARGET = 14.0;
				MTL_ENABLE_DEBUG_INFO = INCLUDE_SOURCE;
				MTL_FAST_MATH = YES;
				ONLY_ACTIVE_ARCH = YES;
				PRODUCT_NAME = "$(TARGET_NAME)";
				SDKROOT = macosx;
				SWIFT_ACTIVE_COMPILATION_CONDITIONS = DEBUG;
				SWIFT_OPTIMIZATION_LEVEL = "-Onone";
				SWIFT_VERSION = 5.9;
			};
			name = Debug;
		};
		7AC507F3249F5A68448657EF /* Release */ = {
			isa = XCBuildConfiguration;
			buildSettings = {
				ALWAYS_SEARCH_USER_PATHS = NO;
				CLANG_ANALYZER_NONNULL = YES;
				CLANG_ANALYZER_NUMBER_OBJECT_CONVERSION = YES_AGGRESSIVE;
				CLANG_CXX_LANGUAGE_STANDARD = "gnu++14";
				CLANG_CXX_LIBRARY = "libc++";
				CLANG_ENABLE_MODULES = YES;
				CLANG_ENABLE_OBJC_ARC = YES;
				CLANG_ENABLE_OBJC_WEAK = YES;
				CLANG_WARN_BLOCK_CAPTURE_AUTORELEASING = YES;
				CLANG_WARN_BOOL_CONVERSION = YES;
				CLANG_WARN_COMMA = YES;
				CLANG_WARN_CONSTANT_CONVERSION = YES;
				CLANG_WARN_DEPRECATED_OBJC_IMPLEMENTATIONS = YES;
				CLANG_WARN_DIRECT_OBJC_ISA_USAGE = YES_ERROR;
				CLANG_WARN_DOCUMENTATION_COMMENTS = YES;
				CLANG_WARN_EMPTY_BODY = YES;
				CLANG_WARN_ENUM_CONVERSION = YES;
				CLANG_WARN_INFINITE_RECURSION = YES;
				CLANG_WARN_INT_CONVERSION = YES;
				CLANG_WARN_NON_LITERAL_NULL_CONVERSION = YES;
				CLANG_WARN_OBJC_IMPLICIT_RETAIN_SELF = YES;
				CLANG_WARN_OBJC_LITERAL_CONVERSION = YES;
				CLANG_WARN_OBJC_ROOT_CLASS = YES_ERROR;
				CLANG_WARN_QUOTED_INCLUDE_IN_FRAMEWORK_HEADER = YES;
				CLANG_WARN_RANGE_LOOP_ANALYSIS = YES;
				CLANG_WARN_STRICT_PROTOTYPES = YES;
				CLANG_WARN_SUSPICIOUS_MOVE = YES;
				CLANG_WARN_UNGUARDED_AVAILABILITY = YES_AGGRESSIVE;
				CLANG_WARN_UNREACHABLE_CODE = YES;
				CLANG_WARN__DUPLICATE_METHOD_MATCH = YES;
				CODE_SIGN_STYLE = Automatic;
				COPY_PHASE_STRIP = NO;
				DEBUG_INFORMATION_FORMAT = "dwarf-with-dsym";
				DEVELOPMENT_TEAM = "";
				ENABLE_HARDENED_RUNTIME = YES;
				ENABLE_NS_ASSERTIONS = NO;
				ENABLE_STRICT_OBJC_MSGSEND = YES;
				GCC_C_LANGUAGE_STANDARD = gnu11;
				GCC_NO_COMMON_BLOCKS = YES;
				GCC_WARN_64_TO_32_BIT_CONVERSION = YES;
				GCC_WARN_ABOUT_RETURN_TYPE = YES_ERROR;
				GCC_WARN_UNDECLARED_SELECTOR = YES;
				GCC_WARN_UNINITIALIZED_AUTOS = YES_AGGRESSIVE;
				GCC_WARN_UNUSED_FUNCTION = YES;
				GCC_WARN_UNUSED_VARIABLE = YES;
				MACOSX_DEPLOYMENT_TARGET = 14.0;
				MTL_ENABLE_DEBUG_INFO = NO;
				MTL_FAST_MATH = YES;
				PRODUCT_NAME = "$(TARGET_NAME)";
				SDKROOT = macosx;
				SWIFT_COMPILATION_MODE = wholemodule;
				SWIFT_OPTIMIZATION_LEVEL = "-O";
				SWIFT_VERSION = 5.9;
			};
			name = Release;
		};
		9253BC8794F8CD7CD4449C6F /* Release */ = {
			isa = XCBuildConfiguration;
			buildSettings = {
				ASSETCATALOG_COMPILER_APPICON_NAME = AppIcon;
				CODE_SIGN_ENTITLEMENTS = VaderCleaner/VaderCleaner.entitlements;
				COMBINE_HIDPI_IMAGES = YES;
				ENABLE_PREVIEWS = YES;
				INFOPLIST_FILE = VaderCleaner/Info.plist;
				LD_RUNPATH_SEARCH_PATHS = (
					"$(inherited)",
					"@executable_path/../Frameworks",
				);
				PRODUCT_BUNDLE_IDENTIFIER = com.personal.VaderCleaner;
				PRODUCT_NAME = VaderCleaner;
				SDKROOT = macosx;
			};
			name = Release;
		};
		95DD4A7BB66694DB95F561AC /* Release */ = {
			isa = XCBuildConfiguration;
			buildSettings = {
				BUNDLE_LOADER = "$(TEST_HOST)";
				COMBINE_HIDPI_IMAGES = YES;
				LD_RUNPATH_SEARCH_PATHS = (
					"$(inherited)",
					"@executable_path/Frameworks",
					"@loader_path/Frameworks",
				);
				PRODUCT_BUNDLE_IDENTIFIER = com.personal.VaderCleanerUITests;
				SDKROOT = macosx;
				TEST_TARGET_NAME = VaderCleaner;
			};
			name = Release;
		};
		99E91844A249B4C876EF29AE /* Release */ = {
			isa = XCBuildConfiguration;
			buildSettings = {
				BUNDLE_LOADER = "$(TEST_HOST)";
				COMBINE_HIDPI_IMAGES = YES;
				LD_RUNPATH_SEARCH_PATHS = (
					"$(inherited)",
					"@executable_path/../Frameworks",
					"@loader_path/../Frameworks",
				);
				PRODUCT_BUNDLE_IDENTIFIER = com.personal.VaderCleanerTests;
				SDKROOT = macosx;
				TEST_HOST = "$(BUILT_PRODUCTS_DIR)/VaderCleaner.app/Contents/MacOS/VaderCleaner";
			};
			name = Release;
		};
		E5EE1DBD6032C008C459E697 /* Debug */ = {
			isa = XCBuildConfiguration;
			buildSettings = {
				BUNDLE_LOADER = "$(TEST_HOST)";
				COMBINE_HIDPI_IMAGES = YES;
				LD_RUNPATH_SEARCH_PATHS = (
					"$(inherited)",
					"@executable_path/Frameworks",
					"@loader_path/Frameworks",
				);
				PRODUCT_BUNDLE_IDENTIFIER = com.personal.VaderCleanerUITests;
				SDKROOT = macosx;
				TEST_TARGET_NAME = VaderCleaner;
			};
			name = Debug;
		};
/* End XCBuildConfiguration section */

/* Begin XCConfigurationList section */
		64AE4C834EFE823D9DBFB766 /* Build configuration list for PBXProject "VaderCleaner" */ = {
			isa = XCConfigurationList;
			buildConfigurations = (
				6FC5B4C07B6F4D2470E81C20 /* Debug */,
				7AC507F3249F5A68448657EF /* Release */,
			);
			defaultConfigurationIsVisible = 0;
			defaultConfigurationName = Debug;
		};
		76201AA3F7629053AC19150D /* Build configuration list for PBXNativeTarget "VaderCleaner" */ = {
			isa = XCConfigurationList;
			buildConfigurations = (
				5584075A50B9DEF7209693DD /* Debug */,
				9253BC8794F8CD7CD4449C6F /* Release */,
			);
			defaultConfigurationIsVisible = 0;
			defaultConfigurationName = Debug;
		};
		A9DEFDFEABB1762DA2F7B215 /* Build configuration list for PBXNativeTarget "VaderCleanerUITests" */ = {
			isa = XCConfigurationList;
			buildConfigurations = (
				E5EE1DBD6032C008C459E697 /* Debug */,
				95DD4A7BB66694DB95F561AC /* Release */,
			);
			defaultConfigurationIsVisible = 0;
			defaultConfigurationName = Debug;
		};
		C343E76143E57ED7E7E25F0B /* Build configuration list for PBXNativeTarget "VaderCleanerTests" */ = {
			isa = XCConfigurationList;
			buildConfigurations = (
				60FA595CDDB69A370B232F6B /* Debug */,
				99E91844A249B4C876EF29AE /* Release */,
			);
			defaultConfigurationIsVisible = 0;
			defaultConfigurationName = Debug;
		};
/* End XCConfigurationList section */
	};
	rootObject = FF89C8EE707F5C8806198E6E /* Project object */;
}
